// !$*UTF8*$!
{
	archiveVersion = 1;
	classes = {
	};
	objectVersion = 50;
	objects = {

/* Begin PBXBuildFile section */
		E240ED7422CF0ECF00DFF34F /* FileUtility.exp.cpp in Sources */ = {isa = PBXBuildFile; fileRef = E240ED7022CF0ECF00DFF34F /* FileUtility.exp.cpp */; };
		E240ED7522CF0ECF00DFF34F /* FileUtility.cpp in Sources */ = {isa = PBXBuildFile; fileRef = E240ED7322CF0ECF00DFF34F /* FileUtility.cpp */; };
		E26A872121F1B92D00523CCE /* Environment.cpp in Sources */ = {isa = PBXBuildFile; fileRef = E26A86E421F1B92D00523CCE /* Environment.cpp */; };
		E26A872221F1B92D00523CCE /* Object.exp.cpp in Sources */ = {isa = PBXBuildFile; fileRef = E26A86E521F1B92D00523CCE /* Object.exp.cpp */; };
		E26A872321F1B92D00523CCE /* Typescript.exp.cpp in Sources */ = {isa = PBXBuildFile; fileRef = E26A86E621F1B92D00523CCE /* Typescript.exp.cpp */; };
		E26A872421F1B92D00523CCE /* Property.cpp in Sources */ = {isa = PBXBuildFile; fileRef = E26A86EA21F1B92D00523CCE /* Property.cpp */; };
		E26A872521F1B92D00523CCE /* Enum.exp.cpp in Sources */ = {isa = PBXBuildFile; fileRef = E26A86EE21F1B92D00523CCE /* Enum.exp.cpp */; };
		E26A872621F1B92D00523CCE /* Enum.cpp in Sources */ = {isa = PBXBuildFile; fileRef = E26A86F021F1B92D00523CCE /* Enum.cpp */; };
		E26A872721F1B92D00523CCE /* Namespace.cpp in Sources */ = {isa = PBXBuildFile; fileRef = E26A86F321F1B92D00523CCE /* Namespace.cpp */; };
		E26A872821F1B92D00523CCE /* Namespace.exp.cpp in Sources */ = {isa = PBXBuildFile; fileRef = E26A86F421F1B92D00523CCE /* Namespace.exp.cpp */; };
		E26A872921F1B92D00523CCE /* Base.cpp in Sources */ = {isa = PBXBuildFile; fileRef = E26A86F621F1B92D00523CCE /* Base.cpp */; };
		E26A872A21F1B92D00523CCE /* Function.cpp in Sources */ = {isa = PBXBuildFile; fileRef = E26A86FD21F1B92D00523CCE /* Function.cpp */; };
		E26A872B21F1B92D00523CCE /* Class.cpp in Sources */ = {isa = PBXBuildFile; fileRef = E26A870421F1B92D00523CCE /* Class.cpp */; };
		E26A872C21F1B92D00523CCE /* Class.exp.cpp in Sources */ = {isa = PBXBuildFile; fileRef = E26A870621F1B92D00523CCE /* Class.exp.cpp */; };
		E26A872D21F1B92D00523CCE /* Reference.cpp in Sources */ = {isa = PBXBuildFile; fileRef = E26A870721F1B92D00523CCE /* Reference.cpp */; };
		E26A873021F1B92D00523CCE /* export.cpp in Sources */ = {isa = PBXBuildFile; fileRef = E26A871521F1B92D00523CCE /* export.cpp */; };
		E26A873121F1B92D00523CCE /* require.cpp in Sources */ = {isa = PBXBuildFile; fileRef = E26A871921F1B92D00523CCE /* require.cpp */; };
		E26A873221F1B92D00523CCE /* Log.cpp in Sources */ = {isa = PBXBuildFile; fileRef = E26A871B21F1B92D00523CCE /* Log.cpp */; };
		E26A873321F1B92D00523CCE /* console.cpp in Sources */ = {isa = PBXBuildFile; fileRef = E26A872021F1B92D00523CCE /* console.cpp */; };
		E26A873721F1B99E00523CCE /* JavaScriptCore.framework in Frameworks */ = {isa = PBXBuildFile; fileRef = E26A873521F1B96600523CCE /* JavaScriptCore.framework */; };
		E2E2069923B1C509001AE0BD /* ocUtils.mm in Sources */ = {isa = PBXBuildFile; fileRef = E2E2069523B1C509001AE0BD /* ocUtils.mm */; };
		E2E2069A23B1C509001AE0BD /* utils.cpp in Sources */ = {isa = PBXBuildFile; fileRef = E2E2069723B1C509001AE0BD /* utils.cpp */; };
		E2E2069B23B1C509001AE0BD /* typescript.exp.cpp in Sources */ = {isa = PBXBuildFile; fileRef = E2E2069823B1C509001AE0BD /* typescript.exp.cpp */; };
		E2E206BC23B1C533001AE0BD /* property.ios.cpp in Sources */ = {isa = PBXBuildFile; fileRef = E2E206A223B1C533001AE0BD /* property.ios.cpp */; };
		E2E206BD23B1C533001AE0BD /* enum.ios.cpp in Sources */ = {isa = PBXBuildFile; fileRef = E2E206A423B1C533001AE0BD /* enum.ios.cpp */; };
		E2E206BE23B1C533001AE0BD /* environment.ios.cpp in Sources */ = {isa = PBXBuildFile; fileRef = E2E206A523B1C533001AE0BD /* environment.ios.cpp */; };
		E2E206BF23B1C533001AE0BD /* constructor.ios.cpp in Sources */ = {isa = PBXBuildFile; fileRef = E2E206A723B1C533001AE0BD /* constructor.ios.cpp */; };
		E2E206C023B1C533001AE0BD /* return.ios.exp.cpp in Sources */ = {isa = PBXBuildFile; fileRef = E2E206A823B1C533001AE0BD /* return.ios.exp.cpp */; };
		E2E206C123B1C533001AE0BD /* result.ios.exp.cpp in Sources */ = {isa = PBXBuildFile; fileRef = E2E206A923B1C533001AE0BD /* result.ios.exp.cpp */; };
		E2E206C223B1C533001AE0BD /* caller.ios.cpp in Sources */ = {isa = PBXBuildFile; fileRef = E2E206AA23B1C533001AE0BD /* caller.ios.cpp */; };
		E2E206C323B1C533001AE0BD /* parameter.ios.cpp in Sources */ = {isa = PBXBuildFile; fileRef = E2E206AB23B1C533001AE0BD /* parameter.ios.cpp */; };
		E2E206C423B1C533001AE0BD /* parameters.ios.exp.cpp in Sources */ = {isa = PBXBuildFile; fileRef = E2E206AC23B1C533001AE0BD /* parameters.ios.exp.cpp */; };
		E2E206C523B1C533001AE0BD /* argument.ios.cpp in Sources */ = {isa = PBXBuildFile; fileRef = E2E206AD23B1C533001AE0BD /* argument.ios.cpp */; };
		E2E206C623B1C533001AE0BD /* function.ios.cpp in Sources */ = {isa = PBXBuildFile; fileRef = E2E206AE23B1C533001AE0BD /* function.ios.cpp */; };
		E2E206C723B1C533001AE0BD /* object.ios.cpp in Sources */ = {isa = PBXBuildFile; fileRef = E2E206B123B1C533001AE0BD /* object.ios.cpp */; };
		E2E206C823B1C533001AE0BD /* object.ios.exp.cpp in Sources */ = {isa = PBXBuildFile; fileRef = E2E206B323B1C533001AE0BD /* object.ios.exp.cpp */; };
		E2E206C923B1C533001AE0BD /* class.ios.cpp in Sources */ = {isa = PBXBuildFile; fileRef = E2E206B523B1C533001AE0BD /* class.ios.cpp */; };
		E2E206CA23B1C533001AE0BD /* base.ios.cpp in Sources */ = {isa = PBXBuildFile; fileRef = E2E206B623B1C533001AE0BD /* base.ios.cpp */; };
		E2E206CB23B1C533001AE0BD /* require.ios.cpp in Sources */ = {isa = PBXBuildFile; fileRef = E2E206B923B1C533001AE0BD /* require.ios.cpp */; };
		E2E206CC23B1C533001AE0BD /* console.ios.cpp in Sources */ = {isa = PBXBuildFile; fileRef = E2E206BB23B1C533001AE0BD /* console.ios.cpp */; };
/* End PBXBuildFile section */

/* Begin PBXFileReference section */
		E240ED7022CF0ECF00DFF34F /* FileUtility.exp.cpp */ = {isa = PBXFileReference; explicitFileType = sourcecode.cpp.objcpp; fileEncoding = 4; path = FileUtility.exp.cpp; sourceTree = "<group>"; };
		E240ED7122CF0ECF00DFF34F /* FileUtility.h */ = {isa = PBXFileReference; fileEncoding = 4; lastKnownFileType = sourcecode.c.h; path = FileUtility.h; sourceTree = "<group>"; };
		E240ED7222CF0ECF00DFF34F /* FileUtility.exp.h */ = {isa = PBXFileReference; fileEncoding = 4; lastKnownFileType = sourcecode.c.h; path = FileUtility.exp.h; sourceTree = "<group>"; };
		E240ED7322CF0ECF00DFF34F /* FileUtility.cpp */ = {isa = PBXFileReference; explicitFileType = sourcecode.cpp.objcpp; fileEncoding = 4; path = FileUtility.cpp; sourceTree = "<group>"; };
		E26A861521F1B7BF00523CCE /* typescript.bundle */ = {isa = PBXFileReference; explicitFileType = wrapper.cfbundle; includeInIndex = 0; path = typescript.bundle; sourceTree = BUILT_PRODUCTS_DIR; };
		E26A86A821F1B92300523CCE /* Info.plist */ = {isa = PBXFileReference; fileEncoding = 4; lastKnownFileType = text.plist.xml; path = Info.plist; sourceTree = "<group>"; };
		E26A86E421F1B92D00523CCE /* Environment.cpp */ = {isa = PBXFileReference; fileEncoding = 4; lastKnownFileType = sourcecode.cpp.cpp; path = Environment.cpp; sourceTree = "<group>"; };
		E26A86E521F1B92D00523CCE /* Object.exp.cpp */ = {isa = PBXFileReference; fileEncoding = 4; lastKnownFileType = sourcecode.cpp.cpp; path = Object.exp.cpp; sourceTree = "<group>"; };
		E26A86E621F1B92D00523CCE /* Typescript.exp.cpp */ = {isa = PBXFileReference; fileEncoding = 4; lastKnownFileType = sourcecode.cpp.cpp; path = Typescript.exp.cpp; sourceTree = "<group>"; };
		E26A86E721F1B92D00523CCE /* JSTypes.h */ = {isa = PBXFileReference; fileEncoding = 4; lastKnownFileType = sourcecode.c.h; path = JSTypes.h; sourceTree = "<group>"; };
		E26A86E821F1B92D00523CCE /* Convertion.exp.h */ = {isa = PBXFileReference; fileEncoding = 4; lastKnownFileType = sourcecode.c.h; path = Convertion.exp.h; sourceTree = "<group>"; };
		E26A86EA21F1B92D00523CCE /* Property.cpp */ = {isa = PBXFileReference; fileEncoding = 4; lastKnownFileType = sourcecode.cpp.cpp; path = Property.cpp; sourceTree = "<group>"; };
		E26A86EB21F1B92D00523CCE /* Property.h */ = {isa = PBXFileReference; fileEncoding = 4; lastKnownFileType = sourcecode.c.h; path = Property.h; sourceTree = "<group>"; };
		E26A86ED21F1B92D00523CCE /* Enum.h */ = {isa = PBXFileReference; fileEncoding = 4; lastKnownFileType = sourcecode.c.h; path = Enum.h; sourceTree = "<group>"; };
		E26A86EE21F1B92D00523CCE /* Enum.exp.cpp */ = {isa = PBXFileReference; fileEncoding = 4; lastKnownFileType = sourcecode.cpp.cpp; path = Enum.exp.cpp; sourceTree = "<group>"; };
		E26A86EF21F1B92D00523CCE /* Enum.exp.h */ = {isa = PBXFileReference; fileEncoding = 4; lastKnownFileType = sourcecode.c.h; path = Enum.exp.h; sourceTree = "<group>"; };
		E26A86F021F1B92D00523CCE /* Enum.cpp */ = {isa = PBXFileReference; fileEncoding = 4; lastKnownFileType = sourcecode.cpp.cpp; path = Enum.cpp; sourceTree = "<group>"; };
		E26A86F221F1B92D00523CCE /* Namespace.h */ = {isa = PBXFileReference; fileEncoding = 4; lastKnownFileType = sourcecode.c.h; path = Namespace.h; sourceTree = "<group>"; };
		E26A86F321F1B92D00523CCE /* Namespace.cpp */ = {isa = PBXFileReference; fileEncoding = 4; lastKnownFileType = sourcecode.cpp.cpp; path = Namespace.cpp; sourceTree = "<group>"; };
		E26A86F421F1B92D00523CCE /* Namespace.exp.cpp */ = {isa = PBXFileReference; fileEncoding = 4; lastKnownFileType = sourcecode.cpp.cpp; path = Namespace.exp.cpp; sourceTree = "<group>"; };
		E26A86F521F1B92D00523CCE /* Namespace.exp.h */ = {isa = PBXFileReference; fileEncoding = 4; lastKnownFileType = sourcecode.c.h; path = Namespace.exp.h; sourceTree = "<group>"; };
		E26A86F621F1B92D00523CCE /* Base.cpp */ = {isa = PBXFileReference; fileEncoding = 4; lastKnownFileType = sourcecode.cpp.cpp; path = Base.cpp; sourceTree = "<group>"; };
		E26A86F821F1B92D00523CCE /* Argument.h */ = {isa = PBXFileReference; fileEncoding = 4; lastKnownFileType = sourcecode.c.h; path = Argument.h; sourceTree = "<group>"; };
		E26A86F921F1B92D00523CCE /* Result.exp.h */ = {isa = PBXFileReference; fileEncoding = 4; lastKnownFileType = sourcecode.c.h; path = Result.exp.h; sourceTree = "<group>"; };
		E26A86FA21F1B92D00523CCE /* Parameters.exp.h */ = {isa = PBXFileReference; fileEncoding = 4; lastKnownFileType = sourcecode.c.h; path = Parameters.exp.h; sourceTree = "<group>"; };
		E26A86FB21F1B92D00523CCE /* Return.exp.h */ = {isa = PBXFileReference; fileEncoding = 4; lastKnownFileType = sourcecode.c.h; path = Return.exp.h; sourceTree = "<group>"; };
		E26A86FC21F1B92D00523CCE /* Constructor.h */ = {isa = PBXFileReference; fileEncoding = 4; lastKnownFileType = sourcecode.c.h; path = Constructor.h; sourceTree = "<group>"; };
		E26A86FD21F1B92D00523CCE /* Function.cpp */ = {isa = PBXFileReference; fileEncoding = 4; lastKnownFileType = sourcecode.cpp.cpp; path = Function.cpp; sourceTree = "<group>"; };
		E26A86FE21F1B92D00523CCE /* Parameters.h */ = {isa = PBXFileReference; fileEncoding = 4; lastKnownFileType = sourcecode.c.h; path = Parameters.h; sourceTree = "<group>"; };
		E26A86FF21F1B92D00523CCE /* Caller.exp.h */ = {isa = PBXFileReference; fileEncoding = 4; lastKnownFileType = sourcecode.c.h; path = Caller.exp.h; sourceTree = "<group>"; };
		E26A870021F1B92D00523CCE /* Function.h */ = {isa = PBXFileReference; fileEncoding = 4; lastKnownFileType = sourcecode.c.h; path = Function.h; sourceTree = "<group>"; };
		E26A870121F1B92D00523CCE /* Environment.h */ = {isa = PBXFileReference; fileEncoding = 4; lastKnownFileType = sourcecode.c.h; path = Environment.h; sourceTree = "<group>"; };
		E26A870321F1B92D00523CCE /* Class.h */ = {isa = PBXFileReference; fileEncoding = 4; lastKnownFileType = sourcecode.c.h; path = Class.h; sourceTree = "<group>"; };
		E26A870421F1B92D00523CCE /* Class.cpp */ = {isa = PBXFileReference; fileEncoding = 4; lastKnownFileType = sourcecode.cpp.cpp; path = Class.cpp; sourceTree = "<group>"; };
		E26A870521F1B92D00523CCE /* Class.exp.h */ = {isa = PBXFileReference; fileEncoding = 4; lastKnownFileType = sourcecode.c.h; path = Class.exp.h; sourceTree = "<group>"; };
		E26A870621F1B92D00523CCE /* Class.exp.cpp */ = {isa = PBXFileReference; fileEncoding = 4; lastKnownFileType = sourcecode.cpp.cpp; path = Class.exp.cpp; sourceTree = "<group>"; };
		E26A870721F1B92D00523CCE /* Reference.cpp */ = {isa = PBXFileReference; fileEncoding = 4; lastKnownFileType = sourcecode.cpp.cpp; path = Reference.cpp; sourceTree = "<group>"; };
		E26A870821F1B92D00523CCE /* Object.exp.h */ = {isa = PBXFileReference; fileEncoding = 4; lastKnownFileType = sourcecode.c.h; path = Object.exp.h; sourceTree = "<group>"; };
		E26A870921F1B92D00523CCE /* Typescript.exp.h */ = {isa = PBXFileReference; fileEncoding = 4; lastKnownFileType = sourcecode.c.h; path = Typescript.exp.h; sourceTree = "<group>"; };
		E26A870A21F1B92D00523CCE /* Reference.h */ = {isa = PBXFileReference; fileEncoding = 4; lastKnownFileType = sourcecode.c.h; path = Reference.h; sourceTree = "<group>"; };
		E26A870B21F1B92D00523CCE /* Base.h */ = {isa = PBXFileReference; fileEncoding = 4; lastKnownFileType = sourcecode.c.h; path = Base.h; sourceTree = "<group>"; };
		E26A871221F1B92D00523CCE /* header.h */ = {isa = PBXFileReference; fileEncoding = 4; lastKnownFileType = sourcecode.c.h; path = header.h; sourceTree = "<group>"; };
		E26A871321F1B92D00523CCE /* delegates.h */ = {isa = PBXFileReference; fileEncoding = 4; lastKnownFileType = sourcecode.c.h; path = delegates.h; sourceTree = "<group>"; };
		E26A871421F1B92D00523CCE /* defines.h */ = {isa = PBXFileReference; fileEncoding = 4; lastKnownFileType = sourcecode.c.h; path = defines.h; sourceTree = "<group>"; };
		E26A871521F1B92D00523CCE /* export.cpp */ = {isa = PBXFileReference; fileEncoding = 4; lastKnownFileType = sourcecode.cpp.cpp; path = export.cpp; sourceTree = "<group>"; };
		E26A871821F1B92D00523CCE /* require.h */ = {isa = PBXFileReference; fileEncoding = 4; lastKnownFileType = sourcecode.c.h; path = require.h; sourceTree = "<group>"; };
		E26A871921F1B92D00523CCE /* require.cpp */ = {isa = PBXFileReference; fileEncoding = 4; lastKnownFileType = sourcecode.cpp.cpp; path = require.cpp; sourceTree = "<group>"; };
		E26A871B21F1B92D00523CCE /* Log.cpp */ = {isa = PBXFileReference; fileEncoding = 4; lastKnownFileType = sourcecode.cpp.cpp; path = Log.cpp; sourceTree = "<group>"; };
		E26A871C21F1B92D00523CCE /* Log.exp.h */ = {isa = PBXFileReference; fileEncoding = 4; lastKnownFileType = sourcecode.c.h; path = Log.exp.h; sourceTree = "<group>"; };
		E26A871D21F1B92D00523CCE /* Log.h */ = {isa = PBXFileReference; fileEncoding = 4; lastKnownFileType = sourcecode.c.h; path = Log.h; sourceTree = "<group>"; };
		E26A871F21F1B92D00523CCE /* console.h */ = {isa = PBXFileReference; fileEncoding = 4; lastKnownFileType = sourcecode.c.h; path = console.h; sourceTree = "<group>"; };
		E26A872021F1B92D00523CCE /* console.cpp */ = {isa = PBXFileReference; fileEncoding = 4; lastKnownFileType = sourcecode.cpp.cpp; path = console.cpp; sourceTree = "<group>"; };
		E26A873521F1B96600523CCE /* JavaScriptCore.framework */ = {isa = PBXFileReference; lastKnownFileType = wrapper.framework; name = JavaScriptCore.framework; path = System/Library/Frameworks/JavaScriptCore.framework; sourceTree = SDKROOT; };
		E2E2069323B1C509001AE0BD /* typescript.ios.h */ = {isa = PBXFileReference; fileEncoding = 4; lastKnownFileType = sourcecode.c.h; name = typescript.ios.h; path = typescript/typescript.ios.h; sourceTree = SOURCE_ROOT; };
		E2E2069423B1C509001AE0BD /* ocUtils.h */ = {isa = PBXFileReference; fileEncoding = 4; lastKnownFileType = sourcecode.c.h; name = ocUtils.h; path = typescript/ocUtils.h; sourceTree = SOURCE_ROOT; };
		E2E2069523B1C509001AE0BD /* ocUtils.mm */ = {isa = PBXFileReference; fileEncoding = 4; lastKnownFileType = sourcecode.cpp.objcpp; name = ocUtils.mm; path = typescript/ocUtils.mm; sourceTree = SOURCE_ROOT; };
		E2E2069623B1C509001AE0BD /* utils.h */ = {isa = PBXFileReference; fileEncoding = 4; lastKnownFileType = sourcecode.c.h; name = utils.h; path = typescript/utils.h; sourceTree = SOURCE_ROOT; };
		E2E2069723B1C509001AE0BD /* utils.cpp */ = {isa = PBXFileReference; fileEncoding = 4; lastKnownFileType = sourcecode.cpp.cpp; name = utils.cpp; path = typescript/utils.cpp; sourceTree = SOURCE_ROOT; };
		E2E2069823B1C509001AE0BD /* typescript.exp.cpp */ = {isa = PBXFileReference; fileEncoding = 4; lastKnownFileType = sourcecode.cpp.cpp; name = typescript.exp.cpp; path = typescript/typescript.exp.cpp; sourceTree = SOURCE_ROOT; };
		E2E206A223B1C533001AE0BD /* property.ios.cpp */ = {isa = PBXFileReference; fileEncoding = 4; lastKnownFileType = sourcecode.cpp.cpp; path = property.ios.cpp; sourceTree = "<group>"; };
		E2E206A423B1C533001AE0BD /* enum.ios.cpp */ = {isa = PBXFileReference; fileEncoding = 4; lastKnownFileType = sourcecode.cpp.cpp; path = enum.ios.cpp; sourceTree = "<group>"; };
		E2E206A523B1C533001AE0BD /* environment.ios.cpp */ = {isa = PBXFileReference; fileEncoding = 4; lastKnownFileType = sourcecode.cpp.cpp; path = environment.ios.cpp; sourceTree = "<group>"; };
		E2E206A723B1C533001AE0BD /* constructor.ios.cpp */ = {isa = PBXFileReference; fileEncoding = 4; lastKnownFileType = sourcecode.cpp.cpp; path = constructor.ios.cpp; sourceTree = "<group>"; };
		E2E206A823B1C533001AE0BD /* return.ios.exp.cpp */ = {isa = PBXFileReference; fileEncoding = 4; lastKnownFileType = sourcecode.cpp.cpp; path = return.ios.exp.cpp; sourceTree = "<group>"; };
		E2E206A923B1C533001AE0BD /* result.ios.exp.cpp */ = {isa = PBXFileReference; fileEncoding = 4; lastKnownFileType = sourcecode.cpp.cpp; path = result.ios.exp.cpp; sourceTree = "<group>"; };
		E2E206AA23B1C533001AE0BD /* caller.ios.cpp */ = {isa = PBXFileReference; fileEncoding = 4; lastKnownFileType = sourcecode.cpp.cpp; path = caller.ios.cpp; sourceTree = "<group>"; };
		E2E206AB23B1C533001AE0BD /* parameter.ios.cpp */ = {isa = PBXFileReference; fileEncoding = 4; lastKnownFileType = sourcecode.cpp.cpp; path = parameter.ios.cpp; sourceTree = "<group>"; };
		E2E206AC23B1C533001AE0BD /* parameters.ios.exp.cpp */ = {isa = PBXFileReference; fileEncoding = 4; lastKnownFileType = sourcecode.cpp.cpp; path = parameters.ios.exp.cpp; sourceTree = "<group>"; };
		E2E206AD23B1C533001AE0BD /* argument.ios.cpp */ = {isa = PBXFileReference; fileEncoding = 4; lastKnownFileType = sourcecode.cpp.cpp; path = argument.ios.cpp; sourceTree = "<group>"; };
		E2E206AE23B1C533001AE0BD /* function.ios.cpp */ = {isa = PBXFileReference; fileEncoding = 4; lastKnownFileType = sourcecode.cpp.cpp; path = function.ios.cpp; sourceTree = "<group>"; };
		E2E206AF23B1C533001AE0BD /* environment.ios.h */ = {isa = PBXFileReference; fileEncoding = 4; lastKnownFileType = sourcecode.c.h; path = environment.ios.h; sourceTree = "<group>"; };
		E2E206B123B1C533001AE0BD /* object.ios.cpp */ = {isa = PBXFileReference; fileEncoding = 4; lastKnownFileType = sourcecode.cpp.cpp; path = object.ios.cpp; sourceTree = "<group>"; };
		E2E206B223B1C533001AE0BD /* object.ios.h */ = {isa = PBXFileReference; fileEncoding = 4; lastKnownFileType = sourcecode.c.h; path = object.ios.h; sourceTree = "<group>"; };
		E2E206B323B1C533001AE0BD /* object.ios.exp.cpp */ = {isa = PBXFileReference; fileEncoding = 4; lastKnownFileType = sourcecode.cpp.cpp; path = object.ios.exp.cpp; sourceTree = "<group>"; };
		E2E206B523B1C533001AE0BD /* class.ios.cpp */ = {isa = PBXFileReference; fileEncoding = 4; lastKnownFileType = sourcecode.cpp.cpp; path = class.ios.cpp; sourceTree = "<group>"; };
		E2E206B623B1C533001AE0BD /* base.ios.cpp */ = {isa = PBXFileReference; fileEncoding = 4; lastKnownFileType = sourcecode.cpp.cpp; path = base.ios.cpp; sourceTree = "<group>"; };
		E2E206B923B1C533001AE0BD /* require.ios.cpp */ = {isa = PBXFileReference; fileEncoding = 4; lastKnownFileType = sourcecode.cpp.cpp; path = require.ios.cpp; sourceTree = "<group>"; };
		E2E206BB23B1C533001AE0BD /* console.ios.cpp */ = {isa = PBXFileReference; fileEncoding = 4; lastKnownFileType = sourcecode.cpp.cpp; path = console.ios.cpp; sourceTree = "<group>"; };
/* End PBXFileReference section */

/* Begin PBXFrameworksBuildPhase section */
		E26A861221F1B7BF00523CCE /* Frameworks */ = {
			isa = PBXFrameworksBuildPhase;
			buildActionMask = 2147483647;
			files = (
				E26A873721F1B99E00523CCE /* JavaScriptCore.framework in Frameworks */,
			);
			runOnlyForDeploymentPostprocessing = 0;
		};
/* End PBXFrameworksBuildPhase section */

/* Begin PBXGroup section */
		E26A860C21F1B7BF00523CCE = {
			isa = PBXGroup;
			children = (
				E26A86E221F1B92D00523CCE /* common */,
				E26A86AA21F1B92800523CCE /* typescript */,
				E26A86A821F1B92300523CCE /* Info.plist */,
				E26A861621F1B7BF00523CCE /* Products */,
				E26A873421F1B96600523CCE /* Frameworks */,
			);
			sourceTree = "<group>";
		};
		E26A861621F1B7BF00523CCE /* Products */ = {
			isa = PBXGroup;
			children = (
				E26A861521F1B7BF00523CCE /* typescript.bundle */,
			);
			name = Products;
			sourceTree = "<group>";
		};
		E26A86AA21F1B92800523CCE /* typescript */ = {
			isa = PBXGroup;
			children = (
				E2E206A023B1C533001AE0BD /* core */,
				E2E206B723B1C533001AE0BD /* extra */,
				E2E2069423B1C509001AE0BD /* ocUtils.h */,
				E2E2069523B1C509001AE0BD /* ocUtils.mm */,
				E2E2069823B1C509001AE0BD /* typescript.exp.cpp */,
				E2E2069323B1C509001AE0BD /* typescript.ios.h */,
				E2E2069723B1C509001AE0BD /* utils.cpp */,
				E2E2069623B1C509001AE0BD /* utils.h */,
			);
			name = typescript;
			path = ../ios/typescript;
			sourceTree = "<group>";
		};
		E26A86E221F1B92D00523CCE /* common */ = {
			isa = PBXGroup;
			children = (
				E26A86E321F1B92D00523CCE /* core */,
				E26A870C21F1B92D00523CCE /* extension */,
				E26A871221F1B92D00523CCE /* header.h */,
				E26A871321F1B92D00523CCE /* delegates.h */,
				E26A871421F1B92D00523CCE /* defines.h */,
				E26A871521F1B92D00523CCE /* export.cpp */,
				E26A871621F1B92D00523CCE /* extra */,
			);
			name = common;
			path = ../common;
			sourceTree = "<group>";
		};
		E26A86E321F1B92D00523CCE /* core */ = {
			isa = PBXGroup;
			children = (
				E26A86E421F1B92D00523CCE /* Environment.cpp */,
				E26A86E521F1B92D00523CCE /* Object.exp.cpp */,
				E26A86E621F1B92D00523CCE /* Typescript.exp.cpp */,
				E26A86E721F1B92D00523CCE /* JSTypes.h */,
				E26A86E821F1B92D00523CCE /* Convertion.exp.h */,
				E26A86E921F1B92D00523CCE /* property */,
				E26A86EC21F1B92D00523CCE /* enum */,
				E26A86F121F1B92D00523CCE /* namespace */,
				E26A86F621F1B92D00523CCE /* Base.cpp */,
				E26A86F721F1B92D00523CCE /* function */,
				E26A870121F1B92D00523CCE /* Environment.h */,
				E26A870221F1B92D00523CCE /* class */,
				E26A870721F1B92D00523CCE /* Reference.cpp */,
				E26A870821F1B92D00523CCE /* Object.exp.h */,
				E26A870921F1B92D00523CCE /* Typescript.exp.h */,
				E26A870A21F1B92D00523CCE /* Reference.h */,
				E26A870B21F1B92D00523CCE /* Base.h */,
			);
			path = core;
			sourceTree = "<group>";
		};
		E26A86E921F1B92D00523CCE /* property */ = {
			isa = PBXGroup;
			children = (
				E26A86EA21F1B92D00523CCE /* Property.cpp */,
				E26A86EB21F1B92D00523CCE /* Property.h */,
			);
			path = property;
			sourceTree = "<group>";
		};
		E26A86EC21F1B92D00523CCE /* enum */ = {
			isa = PBXGroup;
			children = (
				E26A86ED21F1B92D00523CCE /* Enum.h */,
				E26A86EE21F1B92D00523CCE /* Enum.exp.cpp */,
				E26A86EF21F1B92D00523CCE /* Enum.exp.h */,
				E26A86F021F1B92D00523CCE /* Enum.cpp */,
			);
			path = enum;
			sourceTree = "<group>";
		};
		E26A86F121F1B92D00523CCE /* namespace */ = {
			isa = PBXGroup;
			children = (
				E26A86F221F1B92D00523CCE /* Namespace.h */,
				E26A86F321F1B92D00523CCE /* Namespace.cpp */,
				E26A86F421F1B92D00523CCE /* Namespace.exp.cpp */,
				E26A86F521F1B92D00523CCE /* Namespace.exp.h */,
			);
			path = namespace;
			sourceTree = "<group>";
		};
		E26A86F721F1B92D00523CCE /* function */ = {
			isa = PBXGroup;
			children = (
				E26A86F821F1B92D00523CCE /* Argument.h */,
				E26A86F921F1B92D00523CCE /* Result.exp.h */,
				E26A86FA21F1B92D00523CCE /* Parameters.exp.h */,
				E26A86FB21F1B92D00523CCE /* Return.exp.h */,
				E26A86FC21F1B92D00523CCE /* Constructor.h */,
				E26A86FD21F1B92D00523CCE /* Function.cpp */,
				E26A86FE21F1B92D00523CCE /* Parameters.h */,
				E26A86FF21F1B92D00523CCE /* Caller.exp.h */,
				E26A870021F1B92D00523CCE /* Function.h */,
			);
			path = function;
			sourceTree = "<group>";
		};
		E26A870221F1B92D00523CCE /* class */ = {
			isa = PBXGroup;
			children = (
				E26A870321F1B92D00523CCE /* Class.h */,
				E26A870421F1B92D00523CCE /* Class.cpp */,
				E26A870521F1B92D00523CCE /* Class.exp.h */,
				E26A870621F1B92D00523CCE /* Class.exp.cpp */,
			);
			path = class;
			sourceTree = "<group>";
		};
		E26A870C21F1B92D00523CCE /* extension */ = {
			isa = PBXGroup;
			children = (
				E26A870D21F1B92D00523CCE /* files */,
			);
			path = extension;
			sourceTree = "<group>";
		};
		E26A870D21F1B92D00523CCE /* files */ = {
			isa = PBXGroup;
			children = (
				E240ED7322CF0ECF00DFF34F /* FileUtility.cpp */,
				E240ED7022CF0ECF00DFF34F /* FileUtility.exp.cpp */,
				E240ED7222CF0ECF00DFF34F /* FileUtility.exp.h */,
				E240ED7122CF0ECF00DFF34F /* FileUtility.h */,
			);
			path = files;
			sourceTree = "<group>";
		};
		E26A871621F1B92D00523CCE /* extra */ = {
			isa = PBXGroup;
			children = (
				E26A871721F1B92D00523CCE /* require */,
				E26A871A21F1B92D00523CCE /* log */,
				E26A871E21F1B92D00523CCE /* console */,
			);
			path = extra;
			sourceTree = "<group>";
		};
		E26A871721F1B92D00523CCE /* require */ = {
			isa = PBXGroup;
			children = (
				E26A871821F1B92D00523CCE /* require.h */,
				E26A871921F1B92D00523CCE /* require.cpp */,
			);
			path = require;
			sourceTree = "<group>";
		};
		E26A871A21F1B92D00523CCE /* log */ = {
			isa = PBXGroup;
			children = (
				E26A871B21F1B92D00523CCE /* Log.cpp */,
				E26A871C21F1B92D00523CCE /* Log.exp.h */,
				E26A871D21F1B92D00523CCE /* Log.h */,
			);
			path = log;
			sourceTree = "<group>";
		};
		E26A871E21F1B92D00523CCE /* console */ = {
			isa = PBXGroup;
			children = (
				E26A871F21F1B92D00523CCE /* console.h */,
				E26A872021F1B92D00523CCE /* console.cpp */,
			);
			path = console;
			sourceTree = "<group>";
		};
		E26A873421F1B96600523CCE /* Frameworks */ = {
			isa = PBXGroup;
			children = (
				E26A873521F1B96600523CCE /* JavaScriptCore.framework */,
			);
			name = Frameworks;
			sourceTree = "<group>";
		};
		E2E206A023B1C533001AE0BD /* core */ = {
			isa = PBXGroup;
			children = (
				E2E206AF23B1C533001AE0BD /* environment.ios.h */,
				E2E206A123B1C533001AE0BD /* property */,
				E2E206A323B1C533001AE0BD /* enum */,
				E2E206A523B1C533001AE0BD /* environment.ios.cpp */,
				E2E206A623B1C533001AE0BD /* function */,
				E2E206B023B1C533001AE0BD /* object */,
				E2E206B423B1C533001AE0BD /* class */,
				E2E206B623B1C533001AE0BD /* base.ios.cpp */,
			);
			name = core;
			path = typescript/core;
			sourceTree = SOURCE_ROOT;
		};
		E2E206A123B1C533001AE0BD /* property */ = {
			isa = PBXGroup;
			children = (
				E2E206A223B1C533001AE0BD /* property.ios.cpp */,
			);
			path = property;
			sourceTree = "<group>";
		};
		E2E206A323B1C533001AE0BD /* enum */ = {
			isa = PBXGroup;
			children = (
				E2E206A423B1C533001AE0BD /* enum.ios.cpp */,
			);
			path = enum;
			sourceTree = "<group>";
		};
		E2E206A623B1C533001AE0BD /* function */ = {
			isa = PBXGroup;
			children = (
				E2E206A723B1C533001AE0BD /* constructor.ios.cpp */,
				E2E206A823B1C533001AE0BD /* return.ios.exp.cpp */,
				E2E206A923B1C533001AE0BD /* result.ios.exp.cpp */,
				E2E206AA23B1C533001AE0BD /* caller.ios.cpp */,
				E2E206AB23B1C533001AE0BD /* parameter.ios.cpp */,
				E2E206AC23B1C533001AE0BD /* parameters.ios.exp.cpp */,
				E2E206AD23B1C533001AE0BD /* argument.ios.cpp */,
				E2E206AE23B1C533001AE0BD /* function.ios.cpp */,
			);
			path = function;
			sourceTree = "<group>";
		};
		E2E206B023B1C533001AE0BD /* object */ = {
			isa = PBXGroup;
			children = (
				E2E206B123B1C533001AE0BD /* object.ios.cpp */,
				E2E206B223B1C533001AE0BD /* object.ios.h */,
				E2E206B323B1C533001AE0BD /* object.ios.exp.cpp */,
			);
			path = object;
			sourceTree = "<group>";
		};
		E2E206B423B1C533001AE0BD /* class */ = {
			isa = PBXGroup;
			children = (
				E2E206B523B1C533001AE0BD /* class.ios.cpp */,
			);
			path = class;
			sourceTree = "<group>";
		};
		E2E206B723B1C533001AE0BD /* extra */ = {
			isa = PBXGroup;
			children = (
				E2E206B823B1C533001AE0BD /* require */,
				E2E206BA23B1C533001AE0BD /* console */,
			);
			name = extra;
			path = typescript/extra;
			sourceTree = SOURCE_ROOT;
		};
		E2E206B823B1C533001AE0BD /* require */ = {
			isa = PBXGroup;
			children = (
				E2E206B923B1C533001AE0BD /* require.ios.cpp */,
			);
			path = require;
			sourceTree = "<group>";
		};
		E2E206BA23B1C533001AE0BD /* console */ = {
			isa = PBXGroup;
			children = (
				E2E206BB23B1C533001AE0BD /* console.ios.cpp */,
			);
			path = console;
			sourceTree = "<group>";
		};
/* End PBXGroup section */

/* Begin PBXNativeTarget section */
		E26A861421F1B7BF00523CCE /* typescript-mac */ = {
			isa = PBXNativeTarget;
			buildConfigurationList = E26A861B21F1B7BF00523CCE /* Build configuration list for PBXNativeTarget "typescript-mac" */;
			buildPhases = (
				E26A861121F1B7BF00523CCE /* Sources */,
				E26A861221F1B7BF00523CCE /* Frameworks */,
				E26A861321F1B7BF00523CCE /* Resources */,
			);
			buildRules = (
			);
			dependencies = (
			);
			name = "typescript-mac";
			productName = "typescript-mac";
			productReference = E26A861521F1B7BF00523CCE /* typescript.bundle */;
			productType = "com.apple.product-type.bundle";
		};
/* End PBXNativeTarget section */

/* Begin PBXProject section */
		E26A860D21F1B7BF00523CCE /* Project object */ = {
			isa = PBXProject;
			attributes = {
				LastUpgradeCheck = 1010;
				ORGANIZATIONNAME = "朱嘉灵";
				TargetAttributes = {
					E26A861421F1B7BF00523CCE = {
						CreatedOnToolsVersion = 10.1;
					};
				};
			};
			buildConfigurationList = E26A861021F1B7BF00523CCE /* Build configuration list for PBXProject "typescript-mac" */;
			compatibilityVersion = "Xcode 9.3";
			developmentRegion = en;
			hasScannedForEncodings = 0;
			knownRegions = (
				en,
			);
			mainGroup = E26A860C21F1B7BF00523CCE;
			productRefGroup = E26A861621F1B7BF00523CCE /* Products */;
			projectDirPath = "";
			projectRoot = "";
			targets = (
				E26A861421F1B7BF00523CCE /* typescript-mac */,
			);
		};
/* End PBXProject section */

/* Begin PBXResourcesBuildPhase section */
		E26A861321F1B7BF00523CCE /* Resources */ = {
			isa = PBXResourcesBuildPhase;
			buildActionMask = 2147483647;
			files = (
			);
			runOnlyForDeploymentPostprocessing = 0;
		};
/* End PBXResourcesBuildPhase section */

/* Begin PBXSourcesBuildPhase section */
		E26A861121F1B7BF00523CCE /* Sources */ = {
			isa = PBXSourcesBuildPhase;
			buildActionMask = 2147483647;
			files = (
				E2E2069923B1C509001AE0BD /* ocUtils.mm in Sources */,
				E26A873221F1B92D00523CCE /* Log.cpp in Sources */,
				E26A872921F1B92D00523CCE /* Base.cpp in Sources */,
				E240ED7522CF0ECF00DFF34F /* FileUtility.cpp in Sources */,
				E26A872621F1B92D00523CCE /* Enum.cpp in Sources */,
				E26A872421F1B92D00523CCE /* Property.cpp in Sources */,
				E26A873321F1B92D00523CCE /* console.cpp in Sources */,
				E2E206BF23B1C533001AE0BD /* constructor.ios.cpp in Sources */,
				E2E2069B23B1C509001AE0BD /* typescript.exp.cpp in Sources */,
				E26A872B21F1B92D00523CCE /* Class.cpp in Sources */,
				E2E206BE23B1C533001AE0BD /* environment.ios.cpp in Sources */,
				E2E206C723B1C533001AE0BD /* object.ios.cpp in Sources */,
				E26A872A21F1B92D00523CCE /* Function.cpp in Sources */,
				E26A872D21F1B92D00523CCE /* Reference.cpp in Sources */,
				E26A872321F1B92D00523CCE /* Typescript.exp.cpp in Sources */,
				E2E206C423B1C533001AE0BD /* parameters.ios.exp.cpp in Sources */,
				E2E206C123B1C533001AE0BD /* result.ios.exp.cpp in Sources */,
				E26A872121F1B92D00523CCE /* Environment.cpp in Sources */,
				E2E206BC23B1C533001AE0BD /* property.ios.cpp in Sources */,
				E2E2069A23B1C509001AE0BD /* utils.cpp in Sources */,
				E26A873021F1B92D00523CCE /* export.cpp in Sources */,
				E26A872C21F1B92D00523CCE /* Class.exp.cpp in Sources */,
				E2E206CB23B1C533001AE0BD /* require.ios.cpp in Sources */,
				E2E206C323B1C533001AE0BD /* parameter.ios.cpp in Sources */,
				E26A872721F1B92D00523CCE /* Namespace.cpp in Sources */,
				E2E206C823B1C533001AE0BD /* object.ios.exp.cpp in Sources */,
				E2E206C923B1C533001AE0BD /* class.ios.cpp in Sources */,
				E2E206CC23B1C533001AE0BD /* console.ios.cpp in Sources */,
				E2E206C223B1C533001AE0BD /* caller.ios.cpp in Sources */,
				E2E206C023B1C533001AE0BD /* return.ios.exp.cpp in Sources */,
				E26A872821F1B92D00523CCE /* Namespace.exp.cpp in Sources */,
				E2E206BD23B1C533001AE0BD /* enum.ios.cpp in Sources */,
				E2E206C623B1C533001AE0BD /* function.ios.cpp in Sources */,
				E2E206CA23B1C533001AE0BD /* base.ios.cpp in Sources */,
				E26A872521F1B92D00523CCE /* Enum.exp.cpp in Sources */,
				E26A872221F1B92D00523CCE /* Object.exp.cpp in Sources */,
				E2E206C523B1C533001AE0BD /* argument.ios.cpp in Sources */,
				E26A873121F1B92D00523CCE /* require.cpp in Sources */,
				E240ED7422CF0ECF00DFF34F /* FileUtility.exp.cpp in Sources */,
			);
			runOnlyForDeploymentPostprocessing = 0;
		};
/* End PBXSourcesBuildPhase section */

/* Begin XCBuildConfiguration section */
		E26A861921F1B7BF00523CCE /* Debug */ = {
			isa = XCBuildConfiguration;
			buildSettings = {
				ALWAYS_SEARCH_USER_PATHS = NO;
				CLANG_ANALYZER_NONNULL = YES;
				CLANG_ANALYZER_NUMBER_OBJECT_CONVERSION = YES_AGGRESSIVE;
				CLANG_CXX_LANGUAGE_STANDARD = "gnu++14";
				CLANG_CXX_LIBRARY = "libc++";
				CLANG_ENABLE_MODULES = YES;
				CLANG_ENABLE_OBJC_ARC = YES;
				CLANG_ENABLE_OBJC_WEAK = YES;
				CLANG_WARN_BLOCK_CAPTURE_AUTORELEASING = YES;
				CLANG_WARN_BOOL_CONVERSION = YES;
				CLANG_WARN_COMMA = YES;
				CLANG_WARN_CONSTANT_CONVERSION = YES;
				CLANG_WARN_DEPRECATED_OBJC_IMPLEMENTATIONS = YES;
				CLANG_WARN_DIRECT_OBJC_ISA_USAGE = YES_ERROR;
				CLANG_WARN_DOCUMENTATION_COMMENTS = YES;
				CLANG_WARN_EMPTY_BODY = YES;
				CLANG_WARN_ENUM_CONVERSION = YES;
				CLANG_WARN_INFINITE_RECURSION = YES;
				CLANG_WARN_INT_CONVERSION = YES;
				CLANG_WARN_NON_LITERAL_NULL_CONVERSION = YES;
				CLANG_WARN_OBJC_IMPLICIT_RETAIN_SELF = YES;
				CLANG_WARN_OBJC_LITERAL_CONVERSION = YES;
				CLANG_WARN_OBJC_ROOT_CLASS = YES_ERROR;
				CLANG_WARN_RANGE_LOOP_ANALYSIS = YES;
				CLANG_WARN_STRICT_PROTOTYPES = YES;
				CLANG_WARN_SUSPICIOUS_MOVE = YES;
				CLANG_WARN_UNGUARDED_AVAILABILITY = YES_AGGRESSIVE;
				CLANG_WARN_UNREACHABLE_CODE = YES;
				CLANG_WARN__DUPLICATE_METHOD_MATCH = YES;
				CODE_SIGN_IDENTITY = "Mac Developer";
				COPY_PHASE_STRIP = NO;
				DEBUG_INFORMATION_FORMAT = dwarf;
				ENABLE_STRICT_OBJC_MSGSEND = YES;
				ENABLE_TESTABILITY = YES;
				GCC_C_LANGUAGE_STANDARD = gnu11;
				GCC_DYNAMIC_NO_PIC = NO;
				GCC_NO_COMMON_BLOCKS = YES;
				GCC_OPTIMIZATION_LEVEL = 0;
				GCC_PREPROCESSOR_DEFINITIONS = (
					"DEBUG=1",
					"$(inherited)",
				);
				GCC_WARN_64_TO_32_BIT_CONVERSION = YES;
				GCC_WARN_ABOUT_RETURN_TYPE = YES_ERROR;
				GCC_WARN_UNDECLARED_SELECTOR = YES;
				GCC_WARN_UNINITIALIZED_AUTOS = YES_AGGRESSIVE;
				GCC_WARN_UNUSED_FUNCTION = YES;
				GCC_WARN_UNUSED_VARIABLE = YES;
				MACOSX_DEPLOYMENT_TARGET = 10.14;
				MTL_ENABLE_DEBUG_INFO = INCLUDE_SOURCE;
				MTL_FAST_MATH = YES;
				ONLY_ACTIVE_ARCH = YES;
				SDKROOT = macosx;
			};
			name = Debug;
		};
		E26A861A21F1B7BF00523CCE /* Release */ = {
			isa = XCBuildConfiguration;
			buildSettings = {
				ALWAYS_SEARCH_USER_PATHS = NO;
				CLANG_ANALYZER_NONNULL = YES;
				CLANG_ANALYZER_NUMBER_OBJECT_CONVERSION = YES_AGGRESSIVE;
				CLANG_CXX_LANGUAGE_STANDARD = "gnu++14";
				CLANG_CXX_LIBRARY = "libc++";
				CLANG_ENABLE_MODULES = YES;
				CLANG_ENABLE_OBJC_ARC = YES;
				CLANG_ENABLE_OBJC_WEAK = YES;
				CLANG_WARN_BLOCK_CAPTURE_AUTORELEASING = YES;
				CLANG_WARN_BOOL_CONVERSION = YES;
				CLANG_WARN_COMMA = YES;
				CLANG_WARN_CONSTANT_CONVERSION = YES;
				CLANG_WARN_DEPRECATED_OBJC_IMPLEMENTATIONS = YES;
				CLANG_WARN_DIRECT_OBJC_ISA_USAGE = YES_ERROR;
				CLANG_WARN_DOCUMENTATION_COMMENTS = YES;
				CLANG_WARN_EMPTY_BODY = YES;
				CLANG_WARN_ENUM_CONVERSION = YES;
				CLANG_WARN_INFINITE_RECURSION = YES;
				CLANG_WARN_INT_CONVERSION = YES;
				CLANG_WARN_NON_LITERAL_NULL_CONVERSION = YES;
				CLANG_WARN_OBJC_IMPLICIT_RETAIN_SELF = YES;
				CLANG_WARN_OBJC_LITERAL_CONVERSION = YES;
				CLANG_WARN_OBJC_ROOT_CLASS = YES_ERROR;
				CLANG_WARN_RANGE_LOOP_ANALYSIS = YES;
				CLANG_WARN_STRICT_PROTOTYPES = YES;
				CLANG_WARN_SUSPICIOUS_MOVE = YES;
				CLANG_WARN_UNGUARDED_AVAILABILITY = YES_AGGRESSIVE;
				CLANG_WARN_UNREACHABLE_CODE = YES;
				CLANG_WARN__DUPLICATE_METHOD_MATCH = YES;
				CODE_SIGN_IDENTITY = "Mac Developer";
				COPY_PHASE_STRIP = NO;
				DEBUG_INFORMATION_FORMAT = "dwarf-with-dsym";
				ENABLE_NS_ASSERTIONS = NO;
				ENABLE_STRICT_OBJC_MSGSEND = YES;
				GCC_C_LANGUAGE_STANDARD = gnu11;
				GCC_NO_COMMON_BLOCKS = YES;
				GCC_WARN_64_TO_32_BIT_CONVERSION = YES;
				GCC_WARN_ABOUT_RETURN_TYPE = YES_ERROR;
				GCC_WARN_UNDECLARED_SELECTOR = YES;
				GCC_WARN_UNINITIALIZED_AUTOS = YES_AGGRESSIVE;
				GCC_WARN_UNUSED_FUNCTION = YES;
				GCC_WARN_UNUSED_VARIABLE = YES;
				MACOSX_DEPLOYMENT_TARGET = 10.14;
				MTL_ENABLE_DEBUG_INFO = NO;
				MTL_FAST_MATH = YES;
				SDKROOT = macosx;
			};
			name = Release;
		};
		E26A861C21F1B7BF00523CCE /* Debug */ = {
			isa = XCBuildConfiguration;
			buildSettings = {
				CODE_SIGN_STYLE = Automatic;
				COMBINE_HIDPI_IMAGES = YES;
				CONFIGURATION_BUILD_DIR = "$(BUILD_DIR)";
				DEVELOPMENT_TEAM = 7HFEUDN3PR;
				INFOPLIST_FILE = Info.plist;
				INSTALL_PATH = "$(LOCAL_LIBRARY_DIR)/Bundles";
				PRODUCT_BUNDLE_IDENTIFIER = "com.soulfire.typescript-mac";
				PRODUCT_NAME = typescript;
				SKIP_INSTALL = YES;
				USER_HEADER_SEARCH_PATHS = ../common/;
				WRAPPER_EXTENSION = bundle;
			};
			name = Debug;
		};
		E26A861D21F1B7BF00523CCE /* Release */ = {
			isa = XCBuildConfiguration;
			buildSettings = {
				CODE_SIGN_STYLE = Automatic;
				COMBINE_HIDPI_IMAGES = YES;
				CONFIGURATION_BUILD_DIR = "$(BUILD_DIR)";
				DEVELOPMENT_TEAM = 7HFEUDN3PR;
				INFOPLIST_FILE = Info.plist;
				INSTALL_PATH = "$(LOCAL_LIBRARY_DIR)/Bundles";
				PRODUCT_BUNDLE_IDENTIFIER = "com.soulfire.typescript-mac";
				PRODUCT_NAME = typescript;
				SKIP_INSTALL = YES;
				USER_HEADER_SEARCH_PATHS = ../common/;
				WRAPPER_EXTENSION = bundle;
			};
			name = Release;
		};
/* End XCBuildConfiguration section */

/* Begin XCConfigurationList section */
		E26A861021F1B7BF00523CCE /* Build configuration list for PBXProject "typescript-mac" */ = {
			isa = XCConfigurationList;
			buildConfigurations = (
				E26A861921F1B7BF00523CCE /* Debug */,
				E26A861A21F1B7BF00523CCE /* Release */,
			);
			defaultConfigurationIsVisible = 0;
			defaultConfigurationName = Release;
		};
		E26A861B21F1B7BF00523CCE /* Build configuration list for PBXNativeTarget "typescript-mac" */ = {
			isa = XCConfigurationList;
			buildConfigurations = (
				E26A861C21F1B7BF00523CCE /* Debug */,
				E26A861D21F1B7BF00523CCE /* Release */,
			);
			defaultConfigurationIsVisible = 0;
			defaultConfigurationName = Release;
		};
/* End XCConfigurationList section */
	};
	rootObject = E26A860D21F1B7BF00523CCE /* Project object */;
}
