<?xml version="1.0" encoding="utf-8"?>
<Project ToolsVersion="4.0" xmlns="http://schemas.microsoft.com/developer/msbuild/2003">
  <ItemGroup>
    <Filter Include="typescript">
      <UniqueIdentifier>{9f5eafd8-b455-4973-9d35-0b57368059b7}</UniqueIdentifier>
    </Filter>
    <Filter Include="typescript\core">
      <UniqueIdentifier>{abfbcd68-0ed0-4a73-94d4-a3f51c675b44}</UniqueIdentifier>
    </Filter>
    <Filter Include="typescript\core\class">
      <UniqueIdentifier>{82de5e9b-2f60-4af6-9742-0c53eddee0ed}</UniqueIdentifier>
    </Filter>
    <Filter Include="typescript\core\enum">
      <UniqueIdentifier>{7a09dcec-1645-42dd-b031-a29f991bb0f9}</UniqueIdentifier>
    </Filter>
    <Filter Include="typescript\core\namspace">
      <UniqueIdentifier>{59e67f34-5f69-404a-b23b-578e0f58a360}</UniqueIdentifier>
    </Filter>
    <Filter Include="typescript\core\function">
      <UniqueIdentifier>{442243d5-7e5c-4606-99a6-4b4cb6f7d55c}</UniqueIdentifier>
    </Filter>
    <Filter Include="typescript\core\property">
      <UniqueIdentifier>{40ce981f-72e4-4944-aeec-2c39b17921f6}</UniqueIdentifier>
    </Filter>
    <Filter Include="typescript\extra">
      <UniqueIdentifier>{d830b5ab-a563-4684-b885-c4e781c2c3e4}</UniqueIdentifier>
    </Filter>
    <Filter Include="typescript\extra\log">
      <UniqueIdentifier>{4fdbc028-41d2-4fc1-bd0a-f40a6d07e8e4}</UniqueIdentifier>
    </Filter>
    <Filter Include="typescript\extra\require">
      <UniqueIdentifier>{fd64be06-7c33-4e48-8475-1af0be2f13d1}</UniqueIdentifier>
    </Filter>
    <Filter Include="typescript\extra\console">
      <UniqueIdentifier>{3f917bcc-ba77-46bc-90a3-00232ef3f93c}</UniqueIdentifier>
    </Filter>
    <Filter Include="typescript\extension">
      <UniqueIdentifier>{f9148f2a-89dc-4909-8bd6-2bab5f16558d}</UniqueIdentifier>
    </Filter>
    <Filter Include="typescript\extension\files">
      <UniqueIdentifier>{a9c8d3a7-1693-4aa4-a8dd-b80ed80e9e76}</UniqueIdentifier>
    </Filter>
    <Filter Include="typescript\extra\require">
      <UniqueIdentifier>{9af0443f-3462-4922-acf8-f2960b9f3783}</UniqueIdentifier>
    </Filter>
    <Filter Include="typescript\extra\console">
      <UniqueIdentifier>{7946a890-a849-47bf-bbae-ed67c76d055b}</UniqueIdentifier>
    </Filter>
    <Filter Include="typescript\core\object">
      <UniqueIdentifier>{f597ab7e-2166-4161-8427-9171e96c686b}</UniqueIdentifier>
    </Filter>
    <Filter Include="typescript\core\object">
      <UniqueIdentifier>{3493d731-bd7c-41fe-83f3-253d56117954}</UniqueIdentifier>
    </Filter>
    <Filter Include="typescript\types">
      <UniqueIdentifier>{d971d22e-c677-4749-b7d3-9040f27912a1}</UniqueIdentifier>
    </Filter>
  </ItemGroup>
  <ItemGroup>
    <ClCompile Include="..\typescript\core\convertion.exp.h">
      <Filter>typescript\core</Filter>
    </ClCompile>
    <ClCompile Include="..\typescript\core\Environment.cpp">
      <Filter>typescript\core</Filter>
    </ClCompile>
    <ClCompile Include="..\typescript\core\namespace\Namespace.cpp">
      <Filter>typescript\core\namspace</Filter>
    </ClCompile>
    <ClCompile Include="..\typescript\core\class\Class.cpp">
      <Filter>typescript\core\class</Filter>
    </ClCompile>
    <ClCompile Include="..\typescript\core\Base.cpp">
      <Filter>typescript\core</Filter>
    </ClCompile>
    <ClCompile Include="..\typescript\core\function\Function.cpp">
      <Filter>typescript\core\function</Filter>
    </ClCompile>
    <ClCompile Include="..\typescript\core\property\Property.cpp">
      <Filter>typescript\core\property</Filter>
    </ClCompile>
    <ClCompile Include="..\typescript\core\enum\Enum.cpp">
      <Filter>typescript\core\enum</Filter>
    </ClCompile>
    <ClCompile Include="..\typescript\extra\log\Log.cpp">
      <Filter>typescript\extra\log</Filter>
    </ClCompile>
    <ClCompile Include="..\typescript\extra\console\console.cpp">
      <Filter>typescript\extra\console</Filter>
    </ClCompile>
    <ClCompile Include="..\typescript\core\namespace\Namespace.exp.cpp">
      <Filter>typescript\core\namspace</Filter>
    </ClCompile>
    <ClCompile Include="..\typescript\core\enum\Enum.exp.cpp">
      <Filter>typescript\core\enum</Filter>
    </ClCompile>
    <ClCompile Include="..\typescript\extra\require\require.cpp">
      <Filter>typescript\extra\require</Filter>
    </ClCompile>
    <ClCompile Include="..\typescript\core\class\Class.exp.cpp">
      <Filter>typescript\core\class</Filter>
    </ClCompile>
    <ClCompile Include="..\typescript\extension\files\FileUtility.cpp">
      <Filter>typescript\extension\files</Filter>
    </ClCompile>
    <ClCompile Include="..\typescript\extension\files\FileUtility.exp.cpp">
      <Filter>typescript\extension\files</Filter>
    </ClCompile>
    <ClCompile Include="..\typescript\core\class\Class.v8.cpp">
      <Filter>typescript\core\class</Filter>
    </ClCompile>
    <ClCompile Include="..\typescript\core\class\Class.v8.exp.cpp">
      <Filter>typescript\core\class</Filter>
    </ClCompile>
    <ClCompile Include="..\typescript\core\function\Argument.v8.cpp">
      <Filter>typescript\core\function</Filter>
    </ClCompile>
    <ClCompile Include="..\typescript\core\function\Parameters.v8.cpp">
      <Filter>typescript\core\function</Filter>
    </ClCompile>
    <ClCompile Include="..\typescript\core\function\Parameters.v8.exp.cpp">
      <Filter>typescript\core\function</Filter>
    </ClCompile>
    <ClCompile Include="..\typescript\core\Environment.v8.cpp">
      <Filter>typescript\core</Filter>
    </ClCompile>
    <ClCompile Include="..\typescript\extra\console\Console.v8.cpp">
      <Filter>typescript\extra\console</Filter>
    </ClCompile>
    <ClCompile Include="..\typescript\extra\require\Require.v8.cpp">
      <Filter>typescript\extra\require</Filter>
    </ClCompile>
    <ClCompile Include="..\typescript\core\object\Object.v8.cpp">
      <Filter>typescript\core\object</Filter>
    </ClCompile>
    <ClCompile Include="..\typescript\core\object\Object.exp.cpp">
      <Filter>typescript\core\object</Filter>
    </ClCompile>
    <ClCompile Include="..\typescript\core\object\Object.cpp">
      <Filter>typescript\core\object</Filter>
    </ClCompile>
    <ClCompile Include="..\typescript\core\Typescript.exp.cpp">
      <Filter>typescript\core</Filter>
    </ClCompile>
    <ClCompile Include="..\typescript\utils.cpp">
      <Filter>typescript</Filter>
    </ClCompile>
    <ClCompile Include="..\typescript\Exports.cpp">
      <Filter>typescript</Filter>
    </ClCompile>
    <ClCompile Include="..\typescript\Utils.v8.cpp">
      <Filter>typescript</Filter>
    </ClCompile>
    <ClCompile Include="..\typescript\core\Typescript.v8.exp.cpp">
      <Filter>typescript\core</Filter>
    </ClCompile>
  </ItemGroup>
  <ItemGroup>
    <ClInclude Include="..\typescript\core\class\class.exp.h">
      <Filter>typescript\core\class</Filter>
    </ClInclude>
    <ClInclude Include="..\typescript\core\enum\enum.exp.h">
      <Filter>typescript\core\enum</Filter>
    </ClInclude>
    <ClInclude Include="..\typescript\core\namespace\namespace.exp.h">
      <Filter>typescript\core\namspace</Filter>
    </ClInclude>
    <ClInclude Include="..\typescript\header.h">
      <Filter>typescript</Filter>
    </ClInclude>
    <ClInclude Include="..\typescript\core\Environment.h">
      <Filter>typescript\core</Filter>
    </ClInclude>
    <ClInclude Include="..\typescript\core\namespace\Namespace.h">
      <Filter>typescript\core\namspace</Filter>
    </ClInclude>
    <ClInclude Include="..\typescript\core\class\Class.h">
      <Filter>typescript\core\class</Filter>
    </ClInclude>
    <ClInclude Include="..\typescript\core\Base.h">
      <Filter>typescript\core</Filter>
    </ClInclude>
    <ClInclude Include="..\typescript\core\function\Function.h">
      <Filter>typescript\core\function</Filter>
    </ClInclude>
    <ClInclude Include="..\typescript\core\property\Property.h">
      <Filter>typescript\core\property</Filter>
    </ClInclude>
    <ClInclude Include="..\typescript\core\enum\Enum.h">
      <Filter>typescript\core\enum</Filter>
    </ClInclude>
    <ClInclude Include="..\typescript\extra\require\require.h">
      <Filter>typescript\extra\require</Filter>
    </ClInclude>
    <ClInclude Include="..\typescript\extra\log\log.exp.h">
      <Filter>typescript\extra\log</Filter>
    </ClInclude>
    <ClInclude Include="..\typescript\extra\log\Log.h">
      <Filter>typescript\extra\log</Filter>
    </ClInclude>
    <ClInclude Include="..\typescript\extra\console\console.h">
      <Filter>typescript\extra\console</Filter>
    </ClInclude>
    <ClInclude Include="..\typescript\core\typescript.exp.h">
      <Filter>typescript\core</Filter>
    </ClInclude>
    <ClInclude Include="..\typescript\core\JSTypes.h">
      <Filter>typescript\core</Filter>
    </ClInclude>
    <ClInclude Include="..\typescript\core\function\Parameters.exp.h">
      <Filter>typescript\core\function</Filter>
    </ClInclude>
    <ClInclude Include="..\typescript\core\function\Parameters.h">
      <Filter>typescript\core\function</Filter>
    </ClInclude>
    <ClInclude Include="..\typescript\core\function\Argument.h">
      <Filter>typescript\core\function</Filter>
    </ClInclude>
    <ClInclude Include="..\typescript\defines.h">
      <Filter>typescript</Filter>
    </ClInclude>
    <ClInclude Include="..\typescript\delegates.h">
      <Filter>typescript</Filter>
    </ClInclude>
    <ClInclude Include="..\typescript\extension\files\FileUtility.h">
      <Filter>typescript\extension\files</Filter>
    </ClInclude>
    <ClInclude Include="..\typescript\extension\files\FileUtility.exp.h">
      <Filter>typescript\extension\files</Filter>
    </ClInclude>
    <ClInclude Include="..\typescript\utils.h">
      <Filter>typescript</Filter>
    </ClInclude>
    <ClInclude Include="..\typescript\core\object\Object.h">
      <Filter>typescript\core\object</Filter>
    </ClInclude>
    <ClInclude Include="..\typescript\core\object\Object.exp.h">
      <Filter>typescript\core\object</Filter>
    </ClInclude>
    <ClInclude Include="..\typescript\types\NumberData.h">
      <Filter>typescript\types</Filter>
    </ClInclude>
    <ClInclude Include="..\typescript\types\StructureData.h">
      <Filter>typescript\types</Filter>
    </ClInclude>
    <ClInclude Include="..\typescript\types\Exception.h">
      <Filter>typescript\types</Filter>
    </ClInclude>
  </ItemGroup>
</Project>