// !$*UTF8*$!
{
	archiveVersion = 1;
	classes = {
	};
	objectVersion = 50;
	objects = {

/* Begin PBXBuildFile section */
		E21843E221DC99B2007B2586 /* caller.ios.cpp in Sources */ = {isa = PBXBuildFile; fileRef = E21843E121DC99B2007B2586 /* caller.ios.cpp */; };
		E21A891321EEE21700909E7F /* argument.ios.cpp in Sources */ = {isa = PBXBuildFile; fileRef = E21A891221EEE21700909E7F /* argument.ios.cpp */; };
		E21AB16521D626E100714C33 /* parameters.ios.exp.cpp in Sources */ = {isa = PBXBuildFile; fileRef = E21AB16421D626E100714C33 /* parameters.ios.exp.cpp */; };
		E223A08E21CBA29400286975 /* require.ios.cpp in Sources */ = {isa = PBXBuildFile; fileRef = E223A08D21CBA29400286975 /* require.ios.cpp */; };
		E223A09821CBA90A00286975 /* Base.cpp in Sources */ = {isa = PBXBuildFile; fileRef = E27709FD21C8CE740009597F /* Base.cpp */; };
		E223A09921CBA90A00286975 /* Environment.cpp in Sources */ = {isa = PBXBuildFile; fileRef = E27709EC21C8CE740009597F /* Environment.cpp */; };
		E223A09A21CBA90A00286975 /* Reference.cpp in Sources */ = {isa = PBXBuildFile; fileRef = E2770A0F21C8CE740009597F /* Reference.cpp */; };
		E223A09B21CBA90A00286975 /* Typescript.exp.cpp in Sources */ = {isa = PBXBuildFile; fileRef = E27709ED21C8CE740009597F /* Typescript.exp.cpp */; };
		E223A09C21CBA90A00286975 /* Class.cpp in Sources */ = {isa = PBXBuildFile; fileRef = E2770A0C21C8CE740009597F /* Class.cpp */; };
		E223A09D21CBA90A00286975 /* Class.exp.cpp in Sources */ = {isa = PBXBuildFile; fileRef = E2770A0E21C8CE740009597F /* Class.exp.cpp */; };
		E223A0A021CBA90A00286975 /* export.cpp in Sources */ = {isa = PBXBuildFile; fileRef = E2770A1D21C8CE740009597F /* export.cpp */; };
		E223A0A121CBA90A00286975 /* Log.cpp in Sources */ = {isa = PBXBuildFile; fileRef = E2770A2221C8CE740009597F /* Log.cpp */; };
		E223A0A221CBA90A00286975 /* console.cpp in Sources */ = {isa = PBXBuildFile; fileRef = E2770A2721C8CE740009597F /* console.cpp */; };
		E223A0A321CBA91700286975 /* Property.cpp in Sources */ = {isa = PBXBuildFile; fileRef = E27709F121C8CE740009597F /* Property.cpp */; };
		E223A0A421CBA91700286975 /* Enum.exp.cpp in Sources */ = {isa = PBXBuildFile; fileRef = E27709F521C8CE740009597F /* Enum.exp.cpp */; };
		E223A0A521CBA91700286975 /* Namespace.cpp in Sources */ = {isa = PBXBuildFile; fileRef = E27709FA21C8CE740009597F /* Namespace.cpp */; };
		E223A0A621CBA91700286975 /* Namespace.exp.cpp in Sources */ = {isa = PBXBuildFile; fileRef = E27709FB21C8CE740009597F /* Namespace.exp.cpp */; };
		E223A0A821CBA91700286975 /* Function.cpp in Sources */ = {isa = PBXBuildFile; fileRef = E2770A0521C8CE740009597F /* Function.cpp */; };
		E2263F4321CC96E8007B1F42 /* constructor.ios.cpp in Sources */ = {isa = PBXBuildFile; fileRef = E2263F4121CC96E8007B1F42 /* constructor.ios.cpp */; };
		E2263F4421CC9B64007B1F42 /* Enum.cpp in Sources */ = {isa = PBXBuildFile; fileRef = E27709F721C8CE740009597F /* Enum.cpp */; };
		E2263F4721CCB937007B1F42 /* require.cpp in Sources */ = {isa = PBXBuildFile; fileRef = E2263F4521CCB937007B1F42 /* require.cpp */; };
		E226D6FE21E353200088AA58 /* Object.exp.cpp in Sources */ = {isa = PBXBuildFile; fileRef = E226D6FD21E353200088AA58 /* Object.exp.cpp */; };
		E229AD9521C0D7F80077697E /* property.ios.cpp in Sources */ = {isa = PBXBuildFile; fileRef = E229AD7521C0D7F70077697E /* property.ios.cpp */; };
		E229AD9721C0D7F80077697E /* enum.ios.cpp in Sources */ = {isa = PBXBuildFile; fileRef = E229AD7A21C0D7F70077697E /* enum.ios.cpp */; };
		E229AD9821C0D7F80077697E /* base.ios.cpp in Sources */ = {isa = PBXBuildFile; fileRef = E229AD7B21C0D7F70077697E /* base.ios.cpp */; };
		E229AD9B21C0D7F80077697E /* function.ios.cpp in Sources */ = {isa = PBXBuildFile; fileRef = E229AD8121C0D7F70077697E /* function.ios.cpp */; };
		E229AD9D21C0D7F80077697E /* object.ios.exp.cpp in Sources */ = {isa = PBXBuildFile; fileRef = E229AD8521C0D7F70077697E /* object.ios.exp.cpp */; };
		E229AD9E21C0D7F80077697E /* object.ios.cpp in Sources */ = {isa = PBXBuildFile; fileRef = E229AD8621C0D7F70077697E /* object.ios.cpp */; };
		E229AD9F21C0D7F80077697E /* parameter.ios.cpp in Sources */ = {isa = PBXBuildFile; fileRef = E229AD8821C0D7F70077697E /* parameter.ios.cpp */; };
		E229ADA121C0D7F80077697E /* class.ios.cpp in Sources */ = {isa = PBXBuildFile; fileRef = E229AD8B21C0D7F70077697E /* class.ios.cpp */; };
		E229ADA321C0D7F80077697E /* utils.cpp in Sources */ = {isa = PBXBuildFile; fileRef = E229AD8F21C0D7F70077697E /* utils.cpp */; };
		E229ADA421C0D7F80077697E /* console.ios.cpp in Sources */ = {isa = PBXBuildFile; fileRef = E229AD9221C0D7F70077697E /* console.ios.cpp */; };
		E229ADA621C0D7F80077697E /* typescript.exp.cpp in Sources */ = {isa = PBXBuildFile; fileRef = E229AD9421C0D7F70077697E /* typescript.exp.cpp */; };
		E229ADFB21C0D8B70077697E /* environment.ios.cpp in Sources */ = {isa = PBXBuildFile; fileRef = E229ADF921C0D8B70077697E /* environment.ios.cpp */; };
		E229ADFD21C0DB8E0077697E /* ocUtils.mm in Sources */ = {isa = PBXBuildFile; fileRef = E229ADFC21C0DB8E0077697E /* ocUtils.mm */; };
		E24FFBE022AF53A1001F67BE /* FileUtility.exp.cpp in Sources */ = {isa = PBXBuildFile; fileRef = E24FFBDC22AF53A1001F67BE /* FileUtility.exp.cpp */; };
		E24FFBE122AF53A1001F67BE /* FileUtility.cpp in Sources */ = {isa = PBXBuildFile; fileRef = E24FFBDE22AF53A1001F67BE /* FileUtility.cpp */; };
		E28278CF21D712470016ECFB /* result.ios.exp.cpp in Sources */ = {isa = PBXBuildFile; fileRef = E28278CE21D712470016ECFB /* result.ios.exp.cpp */; };
		E28278D121D715370016ECFB /* return.ios.exp.cpp in Sources */ = {isa = PBXBuildFile; fileRef = E28278D021D715370016ECFB /* return.ios.exp.cpp */; };
/* End PBXBuildFile section */

/* Begin PBXCopyFilesBuildPhase section */
		E2FC52E22170698A00792A16 /* Copy Files */ = {
			isa = PBXCopyFilesBuildPhase;
			buildActionMask = 2147483647;
			dstPath = "include/$(PRODUCT_NAME)";
			dstSubfolderSpec = 16;
			files = (
			);
			name = "Copy Files";
			runOnlyForDeploymentPostprocessing = 0;
		};
/* End PBXCopyFilesBuildPhase section */

/* Begin PBXFileReference section */
		E21843E121DC99B2007B2586 /* caller.ios.cpp */ = {isa = PBXFileReference; lastKnownFileType = sourcecode.cpp.cpp; path = caller.ios.cpp; sourceTree = "<group>"; };
		E21A891221EEE21700909E7F /* argument.ios.cpp */ = {isa = PBXFileReference; lastKnownFileType = sourcecode.cpp.cpp; path = argument.ios.cpp; sourceTree = "<group>"; };
		E21AB16421D626E100714C33 /* parameters.ios.exp.cpp */ = {isa = PBXFileReference; explicitFileType = sourcecode.cpp.objcpp; path = parameters.ios.exp.cpp; sourceTree = "<group>"; };
		E223A08D21CBA29400286975 /* require.ios.cpp */ = {isa = PBXFileReference; lastKnownFileType = sourcecode.cpp.cpp; path = require.ios.cpp; sourceTree = "<group>"; };
		E2263F4121CC96E8007B1F42 /* constructor.ios.cpp */ = {isa = PBXFileReference; lastKnownFileType = sourcecode.cpp.cpp; path = constructor.ios.cpp; sourceTree = "<group>"; };
		E2263F4521CCB937007B1F42 /* require.cpp */ = {isa = PBXFileReference; lastKnownFileType = sourcecode.cpp.cpp; path = require.cpp; sourceTree = "<group>"; };
		E226D6FD21E353200088AA58 /* Object.exp.cpp */ = {isa = PBXFileReference; lastKnownFileType = sourcecode.cpp.cpp; path = Object.exp.cpp; sourceTree = "<group>"; };
		E229AD7021C0D7F70077697E /* utils.h */ = {isa = PBXFileReference; fileEncoding = 4; lastKnownFileType = sourcecode.c.h; path = utils.h; sourceTree = "<group>"; };
		E229AD7521C0D7F70077697E /* property.ios.cpp */ = {isa = PBXFileReference; fileEncoding = 4; lastKnownFileType = sourcecode.cpp.cpp; path = property.ios.cpp; sourceTree = "<group>"; };
		E229AD7A21C0D7F70077697E /* enum.ios.cpp */ = {isa = PBXFileReference; fileEncoding = 4; lastKnownFileType = sourcecode.cpp.cpp; path = enum.ios.cpp; sourceTree = "<group>"; };
		E229AD7B21C0D7F70077697E /* base.ios.cpp */ = {isa = PBXFileReference; fileEncoding = 4; lastKnownFileType = sourcecode.cpp.cpp; path = base.ios.cpp; sourceTree = "<group>"; };
		E229AD8121C0D7F70077697E /* function.ios.cpp */ = {isa = PBXFileReference; fileEncoding = 4; lastKnownFileType = sourcecode.cpp.cpp; path = function.ios.cpp; sourceTree = "<group>"; };
		E229AD8521C0D7F70077697E /* object.ios.exp.cpp */ = {isa = PBXFileReference; fileEncoding = 4; lastKnownFileType = sourcecode.cpp.cpp; path = object.ios.exp.cpp; sourceTree = "<group>"; };
		E229AD8621C0D7F70077697E /* object.ios.cpp */ = {isa = PBXFileReference; explicitFileType = sourcecode.cpp.objcpp; fileEncoding = 4; path = object.ios.cpp; sourceTree = "<group>"; };
		E229AD8721C0D7F70077697E /* object.ios.h */ = {isa = PBXFileReference; fileEncoding = 4; lastKnownFileType = sourcecode.c.h; path = object.ios.h; sourceTree = "<group>"; };
		E229AD8821C0D7F70077697E /* parameter.ios.cpp */ = {isa = PBXFileReference; fileEncoding = 4; lastKnownFileType = sourcecode.cpp.cpp; path = parameter.ios.cpp; sourceTree = "<group>"; };
		E229AD8B21C0D7F70077697E /* class.ios.cpp */ = {isa = PBXFileReference; fileEncoding = 4; lastKnownFileType = sourcecode.cpp.cpp; path = class.ios.cpp; sourceTree = "<group>"; };
		E229AD8F21C0D7F70077697E /* utils.cpp */ = {isa = PBXFileReference; explicitFileType = sourcecode.cpp.objcpp; fileEncoding = 4; path = utils.cpp; sourceTree = "<group>"; };
		E229AD9221C0D7F70077697E /* console.ios.cpp */ = {isa = PBXFileReference; fileEncoding = 4; lastKnownFileType = sourcecode.cpp.cpp; path = console.ios.cpp; sourceTree = "<group>"; };
		E229AD9421C0D7F70077697E /* typescript.exp.cpp */ = {isa = PBXFileReference; fileEncoding = 4; lastKnownFileType = sourcecode.cpp.cpp; path = typescript.exp.cpp; sourceTree = "<group>"; };
		E229ADF921C0D8B70077697E /* environment.ios.cpp */ = {isa = PBXFileReference; explicitFileType = sourcecode.cpp.objcpp; path = environment.ios.cpp; sourceTree = "<group>"; };
		E229ADFA21C0D8B70077697E /* environment.ios.h */ = {isa = PBXFileReference; lastKnownFileType = sourcecode.c.h; path = environment.ios.h; sourceTree = "<group>"; };
		E229ADFC21C0DB8E0077697E /* ocUtils.mm */ = {isa = PBXFileReference; lastKnownFileType = sourcecode.cpp.objcpp; path = ocUtils.mm; sourceTree = "<group>"; };
		E229ADFE21C0DB980077697E /* ocUtils.h */ = {isa = PBXFileReference; lastKnownFileType = sourcecode.c.h; path = ocUtils.h; sourceTree = "<group>"; };
		E24FFBDC22AF53A1001F67BE /* FileUtility.exp.cpp */ = {isa = PBXFileReference; explicitFileType = sourcecode.cpp.objcpp; fileEncoding = 4; path = FileUtility.exp.cpp; sourceTree = "<group>"; };
		E24FFBDD22AF53A1001F67BE /* FileUtility.exp.h */ = {isa = PBXFileReference; fileEncoding = 4; lastKnownFileType = sourcecode.c.h; path = FileUtility.exp.h; sourceTree = "<group>"; };
		E24FFBDE22AF53A1001F67BE /* FileUtility.cpp */ = {isa = PBXFileReference; fileEncoding = 4; lastKnownFileType = sourcecode.cpp.cpp; path = FileUtility.cpp; sourceTree = "<group>"; };
		E24FFBDF22AF53A1001F67BE /* FileUtility.h */ = {isa = PBXFileReference; fileEncoding = 4; lastKnownFileType = sourcecode.c.h; path = FileUtility.h; sourceTree = "<group>"; };
		E27709EC21C8CE740009597F /* Environment.cpp */ = {isa = PBXFileReference; lastKnownFileType = sourcecode.cpp.cpp; path = Environment.cpp; sourceTree = "<group>"; };
		E27709ED21C8CE740009597F /* Typescript.exp.cpp */ = {isa = PBXFileReference; explicitFileType = sourcecode.cpp.objcpp; path = Typescript.exp.cpp; sourceTree = "<group>"; };
		E27709EE21C8CE740009597F /* JSTypes.h */ = {isa = PBXFileReference; lastKnownFileType = sourcecode.c.h; path = JSTypes.h; sourceTree = "<group>"; };
		E27709EF21C8CE740009597F /* Convertion.exp.h */ = {isa = PBXFileReference; lastKnownFileType = sourcecode.c.h; path = Convertion.exp.h; sourceTree = "<group>"; };
		E27709F121C8CE740009597F /* Property.cpp */ = {isa = PBXFileReference; lastKnownFileType = sourcecode.cpp.cpp; path = Property.cpp; sourceTree = "<group>"; };
		E27709F221C8CE740009597F /* Property.h */ = {isa = PBXFileReference; lastKnownFileType = sourcecode.c.h; path = Property.h; sourceTree = "<group>"; };
		E27709F421C8CE740009597F /* Enum.h */ = {isa = PBXFileReference; lastKnownFileType = sourcecode.c.h; path = Enum.h; sourceTree = "<group>"; };
		E27709F521C8CE740009597F /* Enum.exp.cpp */ = {isa = PBXFileReference; explicitFileType = sourcecode.cpp.objcpp; path = Enum.exp.cpp; sourceTree = "<group>"; };
		E27709F621C8CE740009597F /* Enum.exp.h */ = {isa = PBXFileReference; lastKnownFileType = sourcecode.c.h; path = Enum.exp.h; sourceTree = "<group>"; };
		E27709F721C8CE740009597F /* Enum.cpp */ = {isa = PBXFileReference; lastKnownFileType = sourcecode.cpp.cpp; path = Enum.cpp; sourceTree = "<group>"; };
		E27709F921C8CE740009597F /* Namespace.h */ = {isa = PBXFileReference; lastKnownFileType = sourcecode.c.h; path = Namespace.h; sourceTree = "<group>"; };
		E27709FA21C8CE740009597F /* Namespace.cpp */ = {isa = PBXFileReference; lastKnownFileType = sourcecode.cpp.cpp; path = Namespace.cpp; sourceTree = "<group>"; };
		E27709FB21C8CE740009597F /* Namespace.exp.cpp */ = {isa = PBXFileReference; explicitFileType = sourcecode.cpp.objcpp; path = Namespace.exp.cpp; sourceTree = "<group>"; };
		E27709FC21C8CE740009597F /* Namespace.exp.h */ = {isa = PBXFileReference; lastKnownFileType = sourcecode.c.h; path = Namespace.exp.h; sourceTree = "<group>"; };
		E27709FD21C8CE740009597F /* Base.cpp */ = {isa = PBXFileReference; lastKnownFileType = sourcecode.cpp.cpp; path = Base.cpp; sourceTree = "<group>"; };
		E27709FF21C8CE740009597F /* Argument.h */ = {isa = PBXFileReference; lastKnownFileType = sourcecode.c.h; path = Argument.h; sourceTree = "<group>"; };
		E2770A0021C8CE740009597F /* Result.exp.h */ = {isa = PBXFileReference; lastKnownFileType = sourcecode.c.h; path = Result.exp.h; sourceTree = "<group>"; };
		E2770A0121C8CE740009597F /* Parameters.exp.h */ = {isa = PBXFileReference; lastKnownFileType = sourcecode.c.h; path = Parameters.exp.h; sourceTree = "<group>"; };
		E2770A0221C8CE740009597F /* Return.exp.h */ = {isa = PBXFileReference; lastKnownFileType = sourcecode.c.h; path = Return.exp.h; sourceTree = "<group>"; };
		E2770A0421C8CE740009597F /* Constructor.h */ = {isa = PBXFileReference; lastKnownFileType = sourcecode.c.h; path = Constructor.h; sourceTree = "<group>"; };
		E2770A0521C8CE740009597F /* Function.cpp */ = {isa = PBXFileReference; lastKnownFileType = sourcecode.cpp.cpp; path = Function.cpp; sourceTree = "<group>"; };
		E2770A0621C8CE740009597F /* Parameters.h */ = {isa = PBXFileReference; lastKnownFileType = sourcecode.c.h; path = Parameters.h; sourceTree = "<group>"; };
		E2770A0721C8CE740009597F /* Caller.exp.h */ = {isa = PBXFileReference; lastKnownFileType = sourcecode.c.h; path = Caller.exp.h; sourceTree = "<group>"; };
		E2770A0821C8CE740009597F /* Function.h */ = {isa = PBXFileReference; lastKnownFileType = sourcecode.c.h; path = Function.h; sourceTree = "<group>"; };
		E2770A0921C8CE740009597F /* Environment.h */ = {isa = PBXFileReference; lastKnownFileType = sourcecode.c.h; path = Environment.h; sourceTree = "<group>"; };
		E2770A0B21C8CE740009597F /* Class.h */ = {isa = PBXFileReference; lastKnownFileType = sourcecode.c.h; path = Class.h; sourceTree = "<group>"; };
		E2770A0C21C8CE740009597F /* Class.cpp */ = {isa = PBXFileReference; lastKnownFileType = sourcecode.cpp.cpp; path = Class.cpp; sourceTree = "<group>"; };
		E2770A0D21C8CE740009597F /* Class.exp.h */ = {isa = PBXFileReference; lastKnownFileType = sourcecode.c.h; path = Class.exp.h; sourceTree = "<group>"; };
		E2770A0E21C8CE740009597F /* Class.exp.cpp */ = {isa = PBXFileReference; explicitFileType = sourcecode.cpp.objcpp; path = Class.exp.cpp; sourceTree = "<group>"; };
		E2770A0F21C8CE740009597F /* Reference.cpp */ = {isa = PBXFileReference; lastKnownFileType = sourcecode.cpp.cpp; path = Reference.cpp; sourceTree = "<group>"; };
		E2770A1021C8CE740009597F /* Object.exp.h */ = {isa = PBXFileReference; lastKnownFileType = sourcecode.c.h; path = Object.exp.h; sourceTree = "<group>"; };
		E2770A1121C8CE740009597F /* Typescript.exp.h */ = {isa = PBXFileReference; lastKnownFileType = sourcecode.c.h; path = Typescript.exp.h; sourceTree = "<group>"; };
		E2770A1221C8CE740009597F /* Reference.h */ = {isa = PBXFileReference; lastKnownFileType = sourcecode.c.h; path = Reference.h; sourceTree = "<group>"; };
		E2770A1321C8CE740009597F /* Base.h */ = {isa = PBXFileReference; lastKnownFileType = sourcecode.c.h; path = Base.h; sourceTree = "<group>"; };
		E2770A1A21C8CE740009597F /* header.h */ = {isa = PBXFileReference; lastKnownFileType = sourcecode.c.h; path = header.h; sourceTree = "<group>"; };
		E2770A1B21C8CE740009597F /* delegates.h */ = {isa = PBXFileReference; lastKnownFileType = sourcecode.c.h; path = delegates.h; sourceTree = "<group>"; };
		E2770A1C21C8CE740009597F /* defines.h */ = {isa = PBXFileReference; lastKnownFileType = sourcecode.c.h; path = defines.h; sourceTree = "<group>"; };
		E2770A1D21C8CE740009597F /* export.cpp */ = {isa = PBXFileReference; explicitFileType = sourcecode.cpp.objcpp; path = export.cpp; sourceTree = "<group>"; };
		E2770A2021C8CE740009597F /* require.h */ = {isa = PBXFileReference; lastKnownFileType = sourcecode.c.h; path = require.h; sourceTree = "<group>"; };
		E2770A2221C8CE740009597F /* Log.cpp */ = {isa = PBXFileReference; lastKnownFileType = sourcecode.cpp.cpp; path = Log.cpp; sourceTree = "<group>"; };
		E2770A2321C8CE740009597F /* Log.exp.h */ = {isa = PBXFileReference; lastKnownFileType = sourcecode.c.h; path = Log.exp.h; sourceTree = "<group>"; };
		E2770A2421C8CE740009597F /* Log.h */ = {isa = PBXFileReference; lastKnownFileType = sourcecode.c.h; path = Log.h; sourceTree = "<group>"; };
		E2770A2621C8CE740009597F /* console.h */ = {isa = PBXFileReference; lastKnownFileType = sourcecode.c.h; path = console.h; sourceTree = "<group>"; };
		E2770A2721C8CE740009597F /* console.cpp */ = {isa = PBXFileReference; explicitFileType = sourcecode.cpp.objcpp; path = console.cpp; sourceTree = "<group>"; };
		E28278CE21D712470016ECFB /* result.ios.exp.cpp */ = {isa = PBXFileReference; lastKnownFileType = sourcecode.cpp.cpp; path = result.ios.exp.cpp; sourceTree = "<group>"; };
		E28278D021D715370016ECFB /* return.ios.exp.cpp */ = {isa = PBXFileReference; lastKnownFileType = sourcecode.cpp.cpp; path = return.ios.exp.cpp; sourceTree = "<group>"; };
		E2FC52E42170698A00792A16 /* libtypescript.a */ = {isa = PBXFileReference; explicitFileType = archive.ar; includeInIndex = 0; path = libtypescript.a; sourceTree = BUILT_PRODUCTS_DIR; };
/* End PBXFileReference section */

/* Begin PBXFrameworksBuildPhase section */
		E2FC52E12170698A00792A16 /* Frameworks */ = {
			isa = PBXFrameworksBuildPhase;
			buildActionMask = 2147483647;
			files = (
			);
			runOnlyForDeploymentPostprocessing = 0;
		};
/* End PBXFrameworksBuildPhase section */

/* Begin PBXGroup section */
		E20C26CE21C0BFA0001E4C04 /* Frameworks */ = {
			isa = PBXGroup;
			children = (
			);
			name = Frameworks;
			sourceTree = "<group>";
		};
		E223A08B21CBA26F00286975 /* console */ = {
			isa = PBXGroup;
			children = (
				E229AD9221C0D7F70077697E /* console.ios.cpp */,
			);
			path = console;
			sourceTree = "<group>";
		};
		E223A08C21CBA28400286975 /* require */ = {
			isa = PBXGroup;
			children = (
				E223A08D21CBA29400286975 /* require.ios.cpp */,
			);
			path = require;
			sourceTree = "<group>";
		};
		E229AD6F21C0D7F70077697E /* typescript */ = {
			isa = PBXGroup;
			children = (
				E229AD7021C0D7F70077697E /* utils.h */,
				E229AD8F21C0D7F70077697E /* utils.cpp */,
				E229ADFE21C0DB980077697E /* ocUtils.h */,
				E229ADFC21C0DB8E0077697E /* ocUtils.mm */,
				E229AD7121C0D7F70077697E /* core */,
				E229AD9021C0D7F70077697E /* extra */,
				E229AD9421C0D7F70077697E /* typescript.exp.cpp */,
			);
			path = typescript;
			sourceTree = "<group>";
		};
		E229AD7121C0D7F70077697E /* core */ = {
			isa = PBXGroup;
			children = (
				E229AD7B21C0D7F70077697E /* base.ios.cpp */,
				E229ADFA21C0D8B70077697E /* environment.ios.h */,
				E229ADF921C0D8B70077697E /* environment.ios.cpp */,
				E229AD8A21C0D7F70077697E /* class */,
				E229AD7721C0D7F70077697E /* enum */,
				E229AD8021C0D7F70077697E /* function */,
				E229AD8421C0D7F70077697E /* object */,
				E229AD7421C0D7F70077697E /* property */,
			);
			path = core;
			sourceTree = "<group>";
		};
		E229AD7421C0D7F70077697E /* property */ = {
			isa = PBXGroup;
			children = (
				E229AD7521C0D7F70077697E /* property.ios.cpp */,
			);
			path = property;
			sourceTree = "<group>";
		};
		E229AD7721C0D7F70077697E /* enum */ = {
			isa = PBXGroup;
			children = (
				E229AD7A21C0D7F70077697E /* enum.ios.cpp */,
			);
			path = enum;
			sourceTree = "<group>";
		};
		E229AD8021C0D7F70077697E /* function */ = {
			isa = PBXGroup;
			children = (
				E229AD8821C0D7F70077697E /* parameter.ios.cpp */,
				E229AD8121C0D7F70077697E /* function.ios.cpp */,
				E2263F4121CC96E8007B1F42 /* constructor.ios.cpp */,
				E21AB16421D626E100714C33 /* parameters.ios.exp.cpp */,
				E28278CE21D712470016ECFB /* result.ios.exp.cpp */,
				E28278D021D715370016ECFB /* return.ios.exp.cpp */,
				E21843E121DC99B2007B2586 /* caller.ios.cpp */,
				E21A891221EEE21700909E7F /* argument.ios.cpp */,
			);
			path = function;
			sourceTree = "<group>";
		};
		E229AD8421C0D7F70077697E /* object */ = {
			isa = PBXGroup;
			children = (
				E229AD8521C0D7F70077697E /* object.ios.exp.cpp */,
				E229AD8621C0D7F70077697E /* object.ios.cpp */,
				E229AD8721C0D7F70077697E /* object.ios.h */,
			);
			path = object;
			sourceTree = "<group>";
		};
		E229AD8A21C0D7F70077697E /* class */ = {
			isa = PBXGroup;
			children = (
				E229AD8B21C0D7F70077697E /* class.ios.cpp */,
			);
			path = class;
			sourceTree = "<group>";
		};
		E229AD9021C0D7F70077697E /* extra */ = {
			isa = PBXGroup;
			children = (
				E223A08C21CBA28400286975 /* require */,
				E223A08B21CBA26F00286975 /* console */,
			);
			path = extra;
			sourceTree = "<group>";
		};
		E27709EA21C8CE740009597F /* common */ = {
			isa = PBXGroup;
			children = (
				E27709EB21C8CE740009597F /* core */,
				E2770A1421C8CE740009597F /* extension */,
				E2770A1A21C8CE740009597F /* header.h */,
				E2770A1B21C8CE740009597F /* delegates.h */,
				E2770A1C21C8CE740009597F /* defines.h */,
				E2770A1D21C8CE740009597F /* export.cpp */,
				E2770A1E21C8CE740009597F /* extra */,
			);
			name = common;
			path = ../common;
			sourceTree = "<group>";
		};
		E27709EB21C8CE740009597F /* core */ = {
			isa = PBXGroup;
			children = (
				E2770A1321C8CE740009597F /* Base.h */,
				E27709FD21C8CE740009597F /* Base.cpp */,
				E2770A0921C8CE740009597F /* Environment.h */,
				E27709EC21C8CE740009597F /* Environment.cpp */,
				E2770A1021C8CE740009597F /* Object.exp.h */,
				E226D6FD21E353200088AA58 /* Object.exp.cpp */,
				E2770A1221C8CE740009597F /* Reference.h */,
				E2770A0F21C8CE740009597F /* Reference.cpp */,
				E2770A1121C8CE740009597F /* Typescript.exp.h */,
				E27709ED21C8CE740009597F /* Typescript.exp.cpp */,
				E27709EE21C8CE740009597F /* JSTypes.h */,
				E27709EF21C8CE740009597F /* Convertion.exp.h */,
				E27709F021C8CE740009597F /* property */,
				E27709F321C8CE740009597F /* enum */,
				E27709F821C8CE740009597F /* namespace */,
				E27709FE21C8CE740009597F /* function */,
				E2770A0A21C8CE740009597F /* class */,
			);
			path = core;
			sourceTree = "<group>";
		};
		E27709F021C8CE740009597F /* property */ = {
			isa = PBXGroup;
			children = (
				E27709F121C8CE740009597F /* Property.cpp */,
				E27709F221C8CE740009597F /* Property.h */,
			);
			path = property;
			sourceTree = "<group>";
		};
		E27709F321C8CE740009597F /* enum */ = {
			isa = PBXGroup;
			children = (
				E27709F421C8CE740009597F /* Enum.h */,
				E27709F521C8CE740009597F /* Enum.exp.cpp */,
				E27709F621C8CE740009597F /* Enum.exp.h */,
				E27709F721C8CE740009597F /* Enum.cpp */,
			);
			path = enum;
			sourceTree = "<group>";
		};
		E27709F821C8CE740009597F /* namespace */ = {
			isa = PBXGroup;
			children = (
				E27709F921C8CE740009597F /* Namespace.h */,
				E27709FA21C8CE740009597F /* Namespace.cpp */,
				E27709FB21C8CE740009597F /* Namespace.exp.cpp */,
				E27709FC21C8CE740009597F /* Namespace.exp.h */,
			);
			path = namespace;
			sourceTree = "<group>";
		};
		E27709FE21C8CE740009597F /* function */ = {
			isa = PBXGroup;
			children = (
				E27709FF21C8CE740009597F /* Argument.h */,
				E2770A0021C8CE740009597F /* Result.exp.h */,
				E2770A0121C8CE740009597F /* Parameters.exp.h */,
				E2770A0221C8CE740009597F /* Return.exp.h */,
				E2770A0421C8CE740009597F /* Constructor.h */,
				E2770A0521C8CE740009597F /* Function.cpp */,
				E2770A0821C8CE740009597F /* Function.h */,
				E2770A0621C8CE740009597F /* Parameters.h */,
				E2770A0721C8CE740009597F /* Caller.exp.h */,
			);
			path = function;
			sourceTree = "<group>";
		};
		E2770A0A21C8CE740009597F /* class */ = {
			isa = PBXGroup;
			children = (
				E2770A0B21C8CE740009597F /* Class.h */,
				E2770A0C21C8CE740009597F /* Class.cpp */,
				E2770A0D21C8CE740009597F /* Class.exp.h */,
				E2770A0E21C8CE740009597F /* Class.exp.cpp */,
			);
			path = class;
			sourceTree = "<group>";
		};
		E2770A1421C8CE740009597F /* extension */ = {
			isa = PBXGroup;
			children = (
				E2770A1521C8CE740009597F /* files */,
			);
			path = extension;
			sourceTree = "<group>";
		};
		E2770A1521C8CE740009597F /* files */ = {
			isa = PBXGroup;
			children = (
				E24FFBDE22AF53A1001F67BE /* FileUtility.cpp */,
				E24FFBDC22AF53A1001F67BE /* FileUtility.exp.cpp */,
				E24FFBDD22AF53A1001F67BE /* FileUtility.exp.h */,
				E24FFBDF22AF53A1001F67BE /* FileUtility.h */,
			);
			path = files;
			sourceTree = "<group>";
		};
		E2770A1E21C8CE740009597F /* extra */ = {
			isa = PBXGroup;
			children = (
				E2770A1F21C8CE740009597F /* require */,
				E2770A2121C8CE740009597F /* log */,
				E2770A2521C8CE740009597F /* console */,
			);
			path = extra;
			sourceTree = "<group>";
		};
		E2770A1F21C8CE740009597F /* require */ = {
			isa = PBXGroup;
			children = (
				E2770A2021C8CE740009597F /* require.h */,
				E2263F4521CCB937007B1F42 /* require.cpp */,
			);
			path = require;
			sourceTree = "<group>";
		};
		E2770A2121C8CE740009597F /* log */ = {
			isa = PBXGroup;
			children = (
				E2770A2221C8CE740009597F /* Log.cpp */,
				E2770A2321C8CE740009597F /* Log.exp.h */,
				E2770A2421C8CE740009597F /* Log.h */,
			);
			path = log;
			sourceTree = "<group>";
		};
		E2770A2521C8CE740009597F /* console */ = {
			isa = PBXGroup;
			children = (
				E2770A2621C8CE740009597F /* console.h */,
				E2770A2721C8CE740009597F /* console.cpp */,
			);
			path = console;
			sourceTree = "<group>";
		};
		E2FC52DB2170698A00792A16 = {
			isa = PBXGroup;
			children = (
				E27709EA21C8CE740009597F /* common */,
				E229AD6F21C0D7F70077697E /* typescript */,
				E2FC52E52170698A00792A16 /* Products */,
				E20C26CE21C0BFA0001E4C04 /* Frameworks */,
			);
			sourceTree = "<group>";
		};
		E2FC52E52170698A00792A16 /* Products */ = {
			isa = PBXGroup;
			children = (
				E2FC52E42170698A00792A16 /* libtypescript.a */,
			);
			name = Products;
			sourceTree = "<group>";
		};
/* End PBXGroup section */

/* Begin PBXNativeTarget section */
		E2FC52E32170698A00792A16 /* typescript */ = {
			isa = PBXNativeTarget;
			buildConfigurationList = E2FC52ED2170698A00792A16 /* Build configuration list for PBXNativeTarget "typescript" */;
			buildPhases = (
				E2FC52E02170698A00792A16 /* Sources */,
				E2FC52E12170698A00792A16 /* Frameworks */,
				E2FC52E22170698A00792A16 /* Copy Files */,
			);
			buildRules = (
			);
			dependencies = (
			);
			name = typescript;
			productName = typescript;
			productReference = E2FC52E42170698A00792A16 /* libtypescript.a */;
			productType = "com.apple.product-type.library.static";
		};
/* End PBXNativeTarget section */

/* Begin PBXProject section */
		E2FC52DC2170698A00792A16 /* Project object */ = {
			isa = PBXProject;
			attributes = {
				LastUpgradeCheck = 1010;
				ORGANIZATIONNAME = "朱嘉灵";
				TargetAttributes = {
					E2FC52E32170698A00792A16 = {
						CreatedOnToolsVersion = 9.4.1;
					};
				};
			};
			buildConfigurationList = E2FC52DF2170698A00792A16 /* Build configuration list for PBXProject "typescript-ios" */;
			compatibilityVersion = "Xcode 9.3";
			developmentRegion = en;
			hasScannedForEncodings = 0;
			knownRegions = (
				en,
			);
			mainGroup = E2FC52DB2170698A00792A16;
			productRefGroup = E2FC52E52170698A00792A16 /* Products */;
			projectDirPath = "";
			projectRoot = "";
			targets = (
				E2FC52E32170698A00792A16 /* typescript */,
			);
		};
/* End PBXProject section */

/* Begin PBXSourcesBuildPhase section */
		E2FC52E02170698A00792A16 /* Sources */ = {
			isa = PBXSourcesBuildPhase;
			buildActionMask = 2147483647;
			files = (
				E223A08E21CBA29400286975 /* require.ios.cpp in Sources */,
				E21A891321EEE21700909E7F /* argument.ios.cpp in Sources */,
				E223A0A021CBA90A00286975 /* export.cpp in Sources */,
				E24FFBE122AF53A1001F67BE /* FileUtility.cpp in Sources */,
				E21AB16521D626E100714C33 /* parameters.ios.exp.cpp in Sources */,
				E229ADA321C0D7F80077697E /* utils.cpp in Sources */,
				E28278D121D715370016ECFB /* return.ios.exp.cpp in Sources */,
				E229ADA121C0D7F80077697E /* class.ios.cpp in Sources */,
				E229AD9F21C0D7F80077697E /* parameter.ios.cpp in Sources */,
				E223A09821CBA90A00286975 /* Base.cpp in Sources */,
				E229AD9821C0D7F80077697E /* base.ios.cpp in Sources */,
				E223A09B21CBA90A00286975 /* Typescript.exp.cpp in Sources */,
				E223A0A621CBA91700286975 /* Namespace.exp.cpp in Sources */,
				E223A09921CBA90A00286975 /* Environment.cpp in Sources */,
				E229AD9B21C0D7F80077697E /* function.ios.cpp in Sources */,
				E229AD9E21C0D7F80077697E /* object.ios.cpp in Sources */,
				E229ADFD21C0DB8E0077697E /* ocUtils.mm in Sources */,
				E223A09D21CBA90A00286975 /* Class.exp.cpp in Sources */,
				E223A0A521CBA91700286975 /* Namespace.cpp in Sources */,
				E223A0A421CBA91700286975 /* Enum.exp.cpp in Sources */,
				E229ADA421C0D7F80077697E /* console.ios.cpp in Sources */,
				E223A09A21CBA90A00286975 /* Reference.cpp in Sources */,
				E21843E221DC99B2007B2586 /* caller.ios.cpp in Sources */,
				E223A0A821CBA91700286975 /* Function.cpp in Sources */,
				E2263F4721CCB937007B1F42 /* require.cpp in Sources */,
				E229ADA621C0D7F80077697E /* typescript.exp.cpp in Sources */,
				E226D6FE21E353200088AA58 /* Object.exp.cpp in Sources */,
				E223A0A321CBA91700286975 /* Property.cpp in Sources */,
				E28278CF21D712470016ECFB /* result.ios.exp.cpp in Sources */,
				E2263F4321CC96E8007B1F42 /* constructor.ios.cpp in Sources */,
				E223A09C21CBA90A00286975 /* Class.cpp in Sources */,
				E223A0A221CBA90A00286975 /* console.cpp in Sources */,
				E229AD9521C0D7F80077697E /* property.ios.cpp in Sources */,
				E2263F4421CC9B64007B1F42 /* Enum.cpp in Sources */,
				E24FFBE022AF53A1001F67BE /* FileUtility.exp.cpp in Sources */,
				E229AD9721C0D7F80077697E /* enum.ios.cpp in Sources */,
				E223A0A121CBA90A00286975 /* Log.cpp in Sources */,
				E229AD9D21C0D7F80077697E /* object.ios.exp.cpp in Sources */,
				E229ADFB21C0D8B70077697E /* environment.ios.cpp in Sources */,
			);
			runOnlyForDeploymentPostprocessing = 0;
		};
/* End PBXSourcesBuildPhase section */

/* Begin XCBuildConfiguration section */
		E2FC52EB2170698A00792A16 /* Debug */ = {
			isa = XCBuildConfiguration;
			buildSettings = {
				ALWAYS_SEARCH_USER_PATHS = NO;
				CLANG_ANALYZER_NONNULL = YES;
				CLANG_ANALYZER_NUMBER_OBJECT_CONVERSION = YES_AGGRESSIVE;
				CLANG_CXX_LANGUAGE_STANDARD = "gnu++14";
				CLANG_CXX_LIBRARY = "libc++";
				CLANG_ENABLE_MODULES = YES;
				CLANG_ENABLE_OBJC_ARC = YES;
				CLANG_ENABLE_OBJC_WEAK = YES;
				CLANG_WARN_BLOCK_CAPTURE_AUTORELEASING = YES;
				CLANG_WARN_BOOL_CONVERSION = YES;
				CLANG_WARN_COMMA = YES;
				CLANG_WARN_CONSTANT_CONVERSION = YES;
				CLANG_WARN_DEPRECATED_OBJC_IMPLEMENTATIONS = YES;
				CLANG_WARN_DIRECT_OBJC_ISA_USAGE = YES_ERROR;
				CLANG_WARN_DOCUMENTATION_COMMENTS = YES;
				CLANG_WARN_EMPTY_BODY = YES;
				CLANG_WARN_ENUM_CONVERSION = YES;
				CLANG_WARN_INFINITE_RECURSION = YES;
				CLANG_WARN_INT_CONVERSION = YES;
				CLANG_WARN_NON_LITERAL_NULL_CONVERSION = YES;
				CLANG_WARN_OBJC_IMPLICIT_RETAIN_SELF = YES;
				CLANG_WARN_OBJC_LITERAL_CONVERSION = YES;
				CLANG_WARN_OBJC_ROOT_CLASS = YES_ERROR;
				CLANG_WARN_RANGE_LOOP_ANALYSIS = YES;
				CLANG_WARN_STRICT_PROTOTYPES = YES;
				CLANG_WARN_SUSPICIOUS_MOVE = YES;
				CLANG_WARN_UNGUARDED_AVAILABILITY = YES_AGGRESSIVE;
				CLANG_WARN_UNREACHABLE_CODE = YES;
				CLANG_WARN__DUPLICATE_METHOD_MATCH = YES;
				CODE_SIGN_IDENTITY = "iPhone Developer";
				CONFIGURATION_BUILD_DIR = "$(BUILD_DIR)";
				COPY_PHASE_STRIP = NO;
				DEBUG_INFORMATION_FORMAT = dwarf;
				ENABLE_STRICT_OBJC_MSGSEND = YES;
				ENABLE_TESTABILITY = YES;
				GCC_C_LANGUAGE_STANDARD = gnu11;
				GCC_DYNAMIC_NO_PIC = NO;
				GCC_NO_COMMON_BLOCKS = YES;
				GCC_OPTIMIZATION_LEVEL = 0;
				GCC_PREPROCESSOR_DEFINITIONS = (
					"DEBUG=1",
					"$(inherited)",
				);
				GCC_WARN_64_TO_32_BIT_CONVERSION = YES;
				GCC_WARN_ABOUT_RETURN_TYPE = YES_ERROR;
				GCC_WARN_UNDECLARED_SELECTOR = YES;
				GCC_WARN_UNINITIALIZED_AUTOS = YES_AGGRESSIVE;
				GCC_WARN_UNUSED_FUNCTION = YES;
				GCC_WARN_UNUSED_VARIABLE = YES;
				IPHONEOS_DEPLOYMENT_TARGET = 10.0;
				MTL_ENABLE_DEBUG_INFO = YES;
				ONLY_ACTIVE_ARCH = YES;
				SDKROOT = iphoneos;
			};
			name = Debug;
		};
		E2FC52EC2170698A00792A16 /* Release */ = {
			isa = XCBuildConfiguration;
			buildSettings = {
				ALWAYS_SEARCH_USER_PATHS = NO;
				CLANG_ANALYZER_NONNULL = YES;
				CLANG_ANALYZER_NUMBER_OBJECT_CONVERSION = YES_AGGRESSIVE;
				CLANG_CXX_LANGUAGE_STANDARD = "gnu++14";
				CLANG_CXX_LIBRARY = "libc++";
				CLANG_ENABLE_MODULES = YES;
				CLANG_ENABLE_OBJC_ARC = YES;
				CLANG_ENABLE_OBJC_WEAK = YES;
				CLANG_WARN_BLOCK_CAPTURE_AUTORELEASING = YES;
				CLANG_WARN_BOOL_CONVERSION = YES;
				CLANG_WARN_COMMA = YES;
				CLANG_WARN_CONSTANT_CONVERSION = YES;
				CLANG_WARN_DEPRECATED_OBJC_IMPLEMENTATIONS = YES;
				CLANG_WARN_DIRECT_OBJC_ISA_USAGE = YES_ERROR;
				CLANG_WARN_DOCUMENTATION_COMMENTS = YES;
				CLANG_WARN_EMPTY_BODY = YES;
				CLANG_WARN_ENUM_CONVERSION = YES;
				CLANG_WARN_INFINITE_RECURSION = YES;
				CLANG_WARN_INT_CONVERSION = YES;
				CLANG_WARN_NON_LITERAL_NULL_CONVERSION = YES;
				CLANG_WARN_OBJC_IMPLICIT_RETAIN_SELF = YES;
				CLANG_WARN_OBJC_LITERAL_CONVERSION = YES;
				CLANG_WARN_OBJC_ROOT_CLASS = YES_ERROR;
				CLANG_WARN_RANGE_LOOP_ANALYSIS = YES;
				CLANG_WARN_STRICT_PROTOTYPES = YES;
				CLANG_WARN_SUSPICIOUS_MOVE = YES;
				CLANG_WARN_UNGUARDED_AVAILABILITY = YES_AGGRESSIVE;
				CLANG_WARN_UNREACHABLE_CODE = YES;
				CLANG_WARN__DUPLICATE_METHOD_MATCH = YES;
				CODE_SIGN_IDENTITY = "iPhone Developer";
				COPY_PHASE_STRIP = NO;
				DEBUG_INFORMATION_FORMAT = "dwarf-with-dsym";
				ENABLE_NS_ASSERTIONS = NO;
				ENABLE_STRICT_OBJC_MSGSEND = YES;
				GCC_C_LANGUAGE_STANDARD = gnu11;
				GCC_NO_COMMON_BLOCKS = YES;
				GCC_WARN_64_TO_32_BIT_CONVERSION = YES;
				GCC_WARN_ABOUT_RETURN_TYPE = YES_ERROR;
				GCC_WARN_UNDECLARED_SELECTOR = YES;
				GCC_WARN_UNINITIALIZED_AUTOS = YES_AGGRESSIVE;
				GCC_WARN_UNUSED_FUNCTION = YES;
				GCC_WARN_UNUSED_VARIABLE = YES;
				IPHONEOS_DEPLOYMENT_TARGET = 10.0;
				MTL_ENABLE_DEBUG_INFO = NO;
				SDKROOT = iphoneos;
				VALIDATE_PRODUCT = YES;
			};
			name = Release;
		};
		E2FC52EE2170698A00792A16 /* Debug */ = {
			isa = XCBuildConfiguration;
			buildSettings = {
				ARCHS = (
					armv7,
					arm64,
				);
				CODE_SIGN_STYLE = Automatic;
				DEVELOPMENT_TEAM = 7HFEUDN3PR;
				ENABLE_BITCODE = YES;
				GCC_INPUT_FILETYPE = automatic;
				IPHONEOS_DEPLOYMENT_TARGET = 9.0;
				OTHER_LDFLAGS = (
					"-ObjC",
					"-all_load",
				);
				PRODUCT_NAME = "$(TARGET_NAME)";
				SDKROOT = iphoneos;
				SKIP_INSTALL = YES;
				TARGETED_DEVICE_FAMILY = "1,2";
				USER_HEADER_SEARCH_PATHS = ../common;
				VALID_ARCHS = "armv7s armv7 arm64e arm64";
			};
			name = Debug;
		};
		E2FC52EF2170698A00792A16 /* Release */ = {
			isa = XCBuildConfiguration;
			buildSettings = {
				ARCHS = (
					armv7,
					arm64,
				);
				CODE_SIGN_STYLE = Automatic;
				DEVELOPMENT_TEAM = 7HFEUDN3PR;
				ENABLE_BITCODE = YES;
				GCC_INPUT_FILETYPE = automatic;
				IPHONEOS_DEPLOYMENT_TARGET = 9.0;
				ONLY_ACTIVE_ARCH = NO;
				OTHER_LDFLAGS = (
					"-ObjC",
					"-all_load",
				);
				PRODUCT_NAME = "$(TARGET_NAME)";
				SDKROOT = iphoneos;
				SKIP_INSTALL = YES;
				TARGETED_DEVICE_FAMILY = "1,2";
				USER_HEADER_SEARCH_PATHS = ../common;
				VALID_ARCHS = "armv7s armv7 arm64e arm64";
			};
			name = Release;
		};
/* End XCBuildConfiguration section */

/* Begin XCConfigurationList section */
		E2FC52DF2170698A00792A16 /* Build configuration list for PBXProject "typescript-ios" */ = {
			isa = XCConfigurationList;
			buildConfigurations = (
				E2FC52EB2170698A00792A16 /* Debug */,
				E2FC52EC2170698A00792A16 /* Release */,
			);
			defaultConfigurationIsVisible = 0;
			defaultConfigurationName = Debug;
		};
		E2FC52ED2170698A00792A16 /* Build configuration list for PBXNativeTarget "typescript" */ = {
			isa = XCConfigurationList;
			buildConfigurations = (
				E2FC52EE2170698A00792A16 /* Debug */,
				E2FC52EF2170698A00792A16 /* Release */,
			);
			defaultConfigurationIsVisible = 0;
			defaultConfigurationName = Debug;
		};
/* End XCConfigurationList section */
	};
	rootObject = E2FC52DC2170698A00792A16 /* Project object */;
}
