<?xml version="1.0" encoding="utf-8"?>
<Project ToolsVersion="4.0" xmlns="http://schemas.microsoft.com/developer/msbuild/2003">
  <ItemGroup>
    <Filter Include="源文件">
      <UniqueIdentifier>{4FC737F1-C7A5-4376-A066-2A32D752A2FF}</UniqueIdentifier>
      <Extensions>cpp;c;cc;cxx;def;odl;idl;hpj;bat;asm;asmx</Extensions>
    </Filter>
    <Filter Include="头文件">
      <UniqueIdentifier>{93995380-89BD-4b04-88EB-625FBE52EBFB}</UniqueIdentifier>
      <Extensions>h;hh;hpp;hxx;hm;inl;inc;xsd</Extensions>
    </Filter>
    <Filter Include="资源文件">
      <UniqueIdentifier>{67DA6AB6-F800-4c08-8B7A-83BB121AAD01}</UniqueIdentifier>
      <Extensions>rc;ico;cur;bmp;dlg;rc2;rct;bin;rgs;gif;jpg;jpeg;jpe;resx;tiff;tif;png;wav;mfcribbon-ms</Extensions>
    </Filter>
    <Filter Include="core">
      <UniqueIdentifier>{57703c88-6d3e-4aa3-bf8e-ba3353a47818}</UniqueIdentifier>
    </Filter>
    <Filter Include="core\class">
      <UniqueIdentifier>{cdc678c9-4464-4f88-bea9-0ea0ebb782b9}</UniqueIdentifier>
    </Filter>
    <Filter Include="core\function">
      <UniqueIdentifier>{6e02cd41-4144-4012-81ec-a8f3dce39381}</UniqueIdentifier>
    </Filter>
    <Filter Include="core\property">
      <UniqueIdentifier>{171d85e0-790d-477e-af99-24fb2f0f4fa6}</UniqueIdentifier>
    </Filter>
    <Filter Include="extra">
      <UniqueIdentifier>{dd8b649f-9002-4c7a-9c21-7fe109d3856b}</UniqueIdentifier>
    </Filter>
    <Filter Include="core\enum">
      <UniqueIdentifier>{b92d8985-9c05-444f-8e58-eaea0324e9ae}</UniqueIdentifier>
    </Filter>
    <Filter Include="common">
      <UniqueIdentifier>{9f5eafd8-b455-4973-9d35-0b57368059b7}</UniqueIdentifier>
    </Filter>
    <Filter Include="common\core">
      <UniqueIdentifier>{abfbcd68-0ed0-4a73-94d4-a3f51c675b44}</UniqueIdentifier>
    </Filter>
    <Filter Include="common\core\class">
      <UniqueIdentifier>{82de5e9b-2f60-4af6-9742-0c53eddee0ed}</UniqueIdentifier>
    </Filter>
    <Filter Include="common\core\enum">
      <UniqueIdentifier>{7a09dcec-1645-42dd-b031-a29f991bb0f9}</UniqueIdentifier>
    </Filter>
    <Filter Include="common\core\namspace">
      <UniqueIdentifier>{59e67f34-5f69-404a-b23b-578e0f58a360}</UniqueIdentifier>
    </Filter>
    <Filter Include="common\core\function">
      <UniqueIdentifier>{442243d5-7e5c-4606-99a6-4b4cb6f7d55c}</UniqueIdentifier>
    </Filter>
    <Filter Include="common\core\property">
      <UniqueIdentifier>{40ce981f-72e4-4944-aeec-2c39b17921f6}</UniqueIdentifier>
    </Filter>
    <Filter Include="common\extra">
      <UniqueIdentifier>{d830b5ab-a563-4684-b885-c4e781c2c3e4}</UniqueIdentifier>
    </Filter>
    <Filter Include="common\extra\log">
      <UniqueIdentifier>{4fdbc028-41d2-4fc1-bd0a-f40a6d07e8e4}</UniqueIdentifier>
    </Filter>
    <Filter Include="common\extra\require">
      <UniqueIdentifier>{fd64be06-7c33-4e48-8475-1af0be2f13d1}</UniqueIdentifier>
    </Filter>
    <Filter Include="common\extra\console">
      <UniqueIdentifier>{3f917bcc-ba77-46bc-90a3-00232ef3f93c}</UniqueIdentifier>
    </Filter>
    <Filter Include="common\extension">
      <UniqueIdentifier>{f9148f2a-89dc-4909-8bd6-2bab5f16558d}</UniqueIdentifier>
    </Filter>
    <Filter Include="common\extension\files">
      <UniqueIdentifier>{a9c8d3a7-1693-4aa4-a8dd-b80ed80e9e76}</UniqueIdentifier>
    </Filter>
    <Filter Include="extra\require">
      <UniqueIdentifier>{9af0443f-3462-4922-acf8-f2960b9f3783}</UniqueIdentifier>
    </Filter>
    <Filter Include="extra\console">
      <UniqueIdentifier>{7946a890-a849-47bf-bbae-ed67c76d055b}</UniqueIdentifier>
    </Filter>
  </ItemGroup>
  <ItemGroup>
    <ClCompile Include="main.cpp">
      <Filter>源文件</Filter>
    </ClCompile>
    <ClCompile Include="..\..\common\core\convertion.exp.h">
      <Filter>common\core</Filter>
    </ClCompile>
    <ClCompile Include="..\..\common\core\Environment.cpp">
      <Filter>common\core</Filter>
    </ClCompile>
    <ClCompile Include="core\Environment.win.cpp">
      <Filter>core</Filter>
    </ClCompile>
    <ClCompile Include="..\..\common\core\namespace\Namespace.cpp">
      <Filter>common\core\namspace</Filter>
    </ClCompile>
    <ClCompile Include="..\..\common\core\class\Class.cpp">
      <Filter>common\core\class</Filter>
    </ClCompile>
    <ClCompile Include="..\..\common\core\Base.cpp">
      <Filter>common\core</Filter>
    </ClCompile>
    <ClCompile Include="..\..\common\core\function\Function.cpp">
      <Filter>common\core\function</Filter>
    </ClCompile>
    <ClCompile Include="..\..\common\core\property\Property.cpp">
      <Filter>common\core\property</Filter>
    </ClCompile>
    <ClCompile Include="..\..\common\core\enum\Enum.cpp">
      <Filter>common\core\enum</Filter>
    </ClCompile>
    <ClCompile Include="..\..\common\export.cpp">
      <Filter>common</Filter>
    </ClCompile>
    <ClCompile Include="..\..\common\extra\log\Log.cpp">
      <Filter>common\extra\log</Filter>
    </ClCompile>
    <ClCompile Include="..\..\common\extra\console\console.cpp">
      <Filter>common\extra\console</Filter>
    </ClCompile>
    <ClCompile Include="..\..\common\core\typescript.exp.cpp">
      <Filter>common\core</Filter>
    </ClCompile>
    <ClCompile Include="..\..\common\core\reference.cpp">
      <Filter>common\core</Filter>
    </ClCompile>
    <ClCompile Include="core\Reference.win.cpp">
      <Filter>core</Filter>
    </ClCompile>
    <ClCompile Include="..\..\common\core\namespace\Namespace.exp.cpp">
      <Filter>common\core\namspace</Filter>
    </ClCompile>
    <ClCompile Include="..\..\common\core\enum\Enum.exp.cpp">
      <Filter>common\core\enum</Filter>
    </ClCompile>
    <ClCompile Include="core\function\Function.win.cpp">
      <Filter>core\function</Filter>
    </ClCompile>
    <ClCompile Include="core\Object.win.cpp">
      <Filter>core</Filter>
    </ClCompile>
    <ClCompile Include="core\function\Constructor.win.cpp">
      <Filter>core\function</Filter>
    </ClCompile>
    <ClCompile Include="core\enum\Enum.win.cpp">
      <Filter>core\enum</Filter>
    </ClCompile>
    <ClCompile Include="core\property\Property.win.cpp">
      <Filter>core\property</Filter>
    </ClCompile>
    <ClCompile Include="core\class\Class.win.cpp">
      <Filter>core\class</Filter>
    </ClCompile>
    <ClCompile Include="core\Base.win.cpp">
      <Filter>core</Filter>
    </ClCompile>
    <ClCompile Include="extra\console\console.win.cpp">
      <Filter>extra\console</Filter>
    </ClCompile>
    <ClCompile Include="core\function\Argument.cpp">
      <Filter>core\function</Filter>
    </ClCompile>
    <ClCompile Include="core\function\Parameters.win.cpp">
      <Filter>core\function</Filter>
    </ClCompile>
    <ClCompile Include="..\..\common\extra\require\require.cpp">
      <Filter>common\extra\require</Filter>
    </ClCompile>
    <ClCompile Include="..\..\common\core\class\Class.exp.cpp">
      <Filter>common\core\class</Filter>
    </ClCompile>
    <ClCompile Include="core\class\Class.win.exp.cpp">
      <Filter>core\class</Filter>
    </ClCompile>
    <ClCompile Include="extra\require\require.win.cpp">
      <Filter>extra\require</Filter>
    </ClCompile>
    <ClCompile Include="..\..\common\core\Object.exp.cpp">
      <Filter>common\core</Filter>
    </ClCompile>
    <ClCompile Include="core\function\Caller.win.exp.cpp">
      <Filter>core\function</Filter>
    </ClCompile>
    <ClCompile Include="core\function\Parameters.win.exp.cpp">
      <Filter>core\function</Filter>
    </ClCompile>
    <ClCompile Include="core\function\Result.win.exp.cpp">
      <Filter>core\function</Filter>
    </ClCompile>
    <ClCompile Include="core\function\Return.win.exp.cpp">
      <Filter>core\function</Filter>
    </ClCompile>
    <ClCompile Include="core\Object.win.exp.cpp">
      <Filter>core</Filter>
    </ClCompile>
    <ClCompile Include="utils.cpp">
      <Filter>源文件</Filter>
    </ClCompile>
    <ClCompile Include="..\..\common\extension\files\FileUtility.cpp">
      <Filter>common\extension\files</Filter>
    </ClCompile>
    <ClCompile Include="..\..\common\extension\files\FileUtility.exp.cpp">
      <Filter>common\extension\files</Filter>
    </ClCompile>
  </ItemGroup>
  <ItemGroup>
    <ClInclude Include="..\..\common\core\function\caller.exp.h">
      <Filter>common\core\function</Filter>
    </ClInclude>
    <ClInclude Include="..\..\common\core\class\class.exp.h">
      <Filter>common\core\class</Filter>
    </ClInclude>
    <ClInclude Include="..\..\common\core\enum\enum.exp.h">
      <Filter>common\core\enum</Filter>
    </ClInclude>
    <ClInclude Include="..\..\common\core\namespace\namespace.exp.h">
      <Filter>common\core\namspace</Filter>
    </ClInclude>
    <ClInclude Include="..\..\common\core\object.exp.h">
      <Filter>common\core</Filter>
    </ClInclude>
    <ClInclude Include="..\..\common\core\function\result.exp.h">
      <Filter>common\core\function</Filter>
    </ClInclude>
    <ClInclude Include="..\..\common\core\function\return.exp.h">
      <Filter>common\core\function</Filter>
    </ClInclude>
    <ClInclude Include="header.h">
      <Filter>common</Filter>
    </ClInclude>
    <ClInclude Include="..\..\common\core\Environment.h">
      <Filter>common\core</Filter>
    </ClInclude>
    <ClInclude Include="core\Environment.win.h">
      <Filter>core</Filter>
    </ClInclude>
    <ClInclude Include="..\..\common\core\namespace\Namespace.h">
      <Filter>common\core\namspace</Filter>
    </ClInclude>
    <ClInclude Include="..\..\common\core\class\Class.h">
      <Filter>common\core\class</Filter>
    </ClInclude>
    <ClInclude Include="..\..\common\core\Base.h">
      <Filter>common\core</Filter>
    </ClInclude>
    <ClInclude Include="..\..\common\core\function\Function.h">
      <Filter>common\core\function</Filter>
    </ClInclude>
    <ClInclude Include="..\..\common\core\property\Property.h">
      <Filter>common\core\property</Filter>
    </ClInclude>
    <ClInclude Include="..\..\common\core\enum\Enum.h">
      <Filter>common\core\enum</Filter>
    </ClInclude>
    <ClInclude Include="..\..\common\extra\require\require.h">
      <Filter>common\extra\require</Filter>
    </ClInclude>
    <ClInclude Include="..\..\common\extra\log\log.exp.h">
      <Filter>common\extra\log</Filter>
    </ClInclude>
    <ClInclude Include="..\..\common\extra\log\Log.h">
      <Filter>common\extra\log</Filter>
    </ClInclude>
    <ClInclude Include="..\..\common\extra\console\console.h">
      <Filter>common\extra\console</Filter>
    </ClInclude>
    <ClInclude Include="..\..\common\core\typescript.exp.h">
      <Filter>common\core</Filter>
    </ClInclude>
    <ClInclude Include="..\..\common\core\reference.h">
      <Filter>common\core</Filter>
    </ClInclude>
    <ClInclude Include="core\Reference.win.h">
      <Filter>core</Filter>
    </ClInclude>
    <ClInclude Include="..\..\common\core\JSTypes.h">
      <Filter>common\core</Filter>
    </ClInclude>
    <ClInclude Include="..\..\common\core\function\Parameters.exp.h">
      <Filter>common\core\function</Filter>
    </ClInclude>
    <ClInclude Include="..\..\common\core\function\Parameters.h">
      <Filter>common\core\function</Filter>
    </ClInclude>
    <ClInclude Include="..\..\common\core\function\Argument.h">
      <Filter>common\core\function</Filter>
    </ClInclude>
    <ClInclude Include="..\..\common\core\function\Constructor.h">
      <Filter>common\core\function</Filter>
    </ClInclude>
    <ClInclude Include="core\Object.win.h">
      <Filter>core</Filter>
    </ClInclude>
    <ClInclude Include="..\..\common\defines.h">
      <Filter>common</Filter>
    </ClInclude>
    <ClInclude Include="..\..\common\delegates.h">
      <Filter>common</Filter>
    </ClInclude>
    <ClInclude Include="utils.h">
      <Filter>头文件</Filter>
    </ClInclude>
    <ClInclude Include="..\..\common\extension\files\FileUtility.h">
      <Filter>common\extension\files</Filter>
    </ClInclude>
    <ClInclude Include="..\..\common\extension\files\FileUtility.exp.h">
      <Filter>common\extension\files</Filter>
    </ClInclude>
  </ItemGroup>
</Project>