
Microsoft Visual Studio Solution File, Format Version 12.00
# Visual Studio 15
VisualStudioVersion = 15.0.28010.0
MinimumVisualStudioVersion = 10.0.40219.1
Project("{FAE04EC0-301F-11D3-BF4B-00C04F79EFBC}") = "Plugin", "Plugin.csproj", "{A401E034-DC0F-418F-8D56-19BE624F4652}"
EndProject
Global
	GlobalSection(SolutionConfigurationPlatforms) = preSolution
		Debug|Any CPU = Debug|Any CPU
		Release|Any CPU = Release|Any CPU
	EndGlobalSection
	GlobalSection(ProjectConfigurationPlatforms) = postSolution
		{A401E034-DC0F-418F-8D56-19BE624F4652}.Debug|Any CPU.ActiveCfg = Debug|Any CPU
		{A401E034-DC0F-418F-8D56-19BE624F4652}.Debug|Any CPU.Build.0 = Debug|Any CPU
		{A401E034-DC0F-418F-8D56-19BE624F4652}.Release|Any CPU.ActiveCfg = Release|Any CPU
		{A401E034-DC0F-418F-8D56-19BE624F4652}.Release|Any CPU.Build.0 = Release|Any CPU
	EndGlobalSection
	GlobalSection(SolutionProperties) = preSolution
		HideSolutionNode = FALSE
	EndGlobalSection
	GlobalSection(ExtensibilityGlobals) = postSolution
		SolutionGuid = {201FB10B-1D45-4B27-8D35-D3663C207746}
	EndGlobalSection
EndGlobal
